Microsoft Visual Studio Solution File, Format Version 10.00
# Visual Studio 2008
Project("{8BC9CEB8-8B4A-11D0-8D11-00A0C91BC942}") = "Voodoo_Core", "Framework\Framework.vcproj", "{A5C09646-DA38-4869-82C3-11A66D706C43}"
EndProject
Project("{2150E333-8FDC-42A3-9474-1A3956D46DE8}") = "Utilities", "Utilities", "{183B55E4-BBC4-476F-B2B5-9FE4EF9DD99F}"
EndProject
Project("{8BC9CEB8-8B4A-11D0-8D11-00A0C91BC942}") = "DX8.9_Redirect", "Utilities\DX8.9_Redirect\DX8.9_Redirect.vcproj", "{8FFE37CF-C17A-4CFA-8B2D-32E6DC8FB44D}"
	ProjectSection(ProjectDependencies) = postProject
		{B6550BB7-3C25-4C46-A30D-8349AC3E4D8F} = {B6550BB7-3C25-4C46-A30D-8349AC3E4D8F}
	EndProjectSection
EndProject
Project("{2150E333-8FDC-42A3-9474-1A3956D46DE8}") = "Generic Adapters", "Generic Adapters", "{32835D9A-A1C1-48F9-8588-C10837E18EF4}"
EndProject
Project("{2150E333-8FDC-42A3-9474-1A3956D46DE8}") = "Specific Adapters", "Specific Adapters", "{817469ED-FCBA-4C43-A6B9-EE19FB4685D1}"
EndProject
Project("{8BC9CEB8-8B4A-11D0-8D11-00A0C91BC942}") = "Voodoo_DX9", "Generic\Voodoo_DX9\Voodoo_DX9.vcproj", "{758A3040-38D6-4573-8C1B-74B35ECCAA6E}"
	ProjectSection(ProjectDependencies) = postProject
		{A5C09646-DA38-4869-82C3-11A66D706C43} = {A5C09646-DA38-4869-82C3-11A66D706C43}
	EndProjectSection
EndProject
Project("{8BC9CEB8-8B4A-11D0-8D11-00A0C91BC942}") = "Voodoo_DX89", "Generic\Voodoo_DX89\Voodoo_DX89.vcproj", "{B6550BB7-3C25-4C46-A30D-8349AC3E4D8F}"
	ProjectSection(ProjectDependencies) = postProject
		{A5C09646-DA38-4869-82C3-11A66D706C43} = {A5C09646-DA38-4869-82C3-11A66D706C43}
	EndProjectSection
EndProject
Project("{8BC9CEB8-8B4A-11D0-8D11-00A0C91BC942}") = "Voodoo_Frost", "Specific\Voodoo_Frost\Voodoo_Frost.vcproj", "{98903591-D205-49ED-AE60-44BDD620D16E}"
	ProjectSection(ProjectDependencies) = postProject
		{A5C09646-DA38-4869-82C3-11A66D706C43} = {A5C09646-DA38-4869-82C3-11A66D706C43}
	EndProjectSection
EndProject
Project("{2150E333-8FDC-42A3-9474-1A3956D46DE8}") = "Core", "Core", "{7F047FD6-67EA-4144-8B8F-DE017246ABDE}"
EndProject
Project("{2150E333-8FDC-42A3-9474-1A3956D46DE8}") = "Docs", "Docs", "{093207D3-DF56-4F72-BD00-ACACD9476FA8}"
	ProjectSection(SolutionItems) = preProject
		Docs\CREDITS = Docs\CREDITS
		Docs\Doxyfile = Docs\Doxyfile
		Docs\LICENSE = Docs\LICENSE
		Docs\README = Docs\README
	EndProjectSection
EndProject
Project("{2150E333-8FDC-42A3-9474-1A3956D46DE8}") = "Resources", "Resources", "{9FC03207-E672-46B6-BB1D-B34C6F00AB54}"
EndProject
Project("{2150E333-8FDC-42A3-9474-1A3956D46DE8}") = "Installers", "Installers", "{2ED5D2C5-78A5-4FDE-BB9F-5D3AF391B3AA}"
EndProject
Project("{2150E333-8FDC-42A3-9474-1A3956D46DE8}") = "Shaders", "Shaders", "{7FC6175A-13FA-4F59-A164-37BDC94775CF}"
EndProject
Global
	GlobalSection(SolutionConfigurationPlatforms) = preSolution
		Debug|Win32 = Debug|Win32
		Release|Win32 = Release|Win32
	EndGlobalSection
	GlobalSection(ProjectConfigurationPlatforms) = postSolution
		{A5C09646-DA38-4869-82C3-11A66D706C43}.Debug|Win32.ActiveCfg = Debug|Win32
		{A5C09646-DA38-4869-82C3-11A66D706C43}.Debug|Win32.Build.0 = Debug|Win32
		{A5C09646-DA38-4869-82C3-11A66D706C43}.Release|Win32.ActiveCfg = Release|Win32
		{A5C09646-DA38-4869-82C3-11A66D706C43}.Release|Win32.Build.0 = Release|Win32
		{8FFE37CF-C17A-4CFA-8B2D-32E6DC8FB44D}.Debug|Win32.ActiveCfg = Debug|Win32
		{8FFE37CF-C17A-4CFA-8B2D-32E6DC8FB44D}.Debug|Win32.Build.0 = Debug|Win32
		{8FFE37CF-C17A-4CFA-8B2D-32E6DC8FB44D}.Release|Win32.ActiveCfg = Release|Win32
		{8FFE37CF-C17A-4CFA-8B2D-32E6DC8FB44D}.Release|Win32.Build.0 = Release|Win32
		{758A3040-38D6-4573-8C1B-74B35ECCAA6E}.Debug|Win32.ActiveCfg = Debug|Win32
		{758A3040-38D6-4573-8C1B-74B35ECCAA6E}.Debug|Win32.Build.0 = Debug|Win32
		{758A3040-38D6-4573-8C1B-74B35ECCAA6E}.Release|Win32.ActiveCfg = Release|Win32
		{758A3040-38D6-4573-8C1B-74B35ECCAA6E}.Release|Win32.Build.0 = Release|Win32
		{B6550BB7-3C25-4C46-A30D-8349AC3E4D8F}.Debug|Win32.ActiveCfg = Debug|Win32
		{B6550BB7-3C25-4C46-A30D-8349AC3E4D8F}.Debug|Win32.Build.0 = Debug|Win32
		{B6550BB7-3C25-4C46-A30D-8349AC3E4D8F}.Release|Win32.ActiveCfg = Release|Win32
		{B6550BB7-3C25-4C46-A30D-8349AC3E4D8F}.Release|Win32.Build.0 = Release|Win32
		{98903591-D205-49ED-AE60-44BDD620D16E}.Debug|Win32.ActiveCfg = Debug|Win32
		{98903591-D205-49ED-AE60-44BDD620D16E}.Debug|Win32.Build.0 = Debug|Win32
		{98903591-D205-49ED-AE60-44BDD620D16E}.Release|Win32.ActiveCfg = Release|Win32
		{98903591-D205-49ED-AE60-44BDD620D16E}.Release|Win32.Build.0 = Release|Win32
	EndGlobalSection
	GlobalSection(SolutionProperties) = preSolution
		HideSolutionNode = FALSE
	EndGlobalSection
	GlobalSection(NestedProjects) = preSolution
		{A5C09646-DA38-4869-82C3-11A66D706C43} = {7F047FD6-67EA-4144-8B8F-DE017246ABDE}
		{8FFE37CF-C17A-4CFA-8B2D-32E6DC8FB44D} = {183B55E4-BBC4-476F-B2B5-9FE4EF9DD99F}
		{758A3040-38D6-4573-8C1B-74B35ECCAA6E} = {32835D9A-A1C1-48F9-8588-C10837E18EF4}
		{B6550BB7-3C25-4C46-A30D-8349AC3E4D8F} = {32835D9A-A1C1-48F9-8588-C10837E18EF4}
		{98903591-D205-49ED-AE60-44BDD620D16E} = {817469ED-FCBA-4C43-A6B9-EE19FB4685D1}
		{2ED5D2C5-78A5-4FDE-BB9F-5D3AF391B3AA} = {9FC03207-E672-46B6-BB1D-B34C6F00AB54}
		{7FC6175A-13FA-4F59-A164-37BDC94775CF} = {9FC03207-E672-46B6-BB1D-B34C6F00AB54}
	EndGlobalSection
EndGlobal
