Microsoft Visual Studio Solution File, Format Version 10.00
# Visual Studio 2008
Project("{8BC9CEB8-8B4A-11D0-8D11-00A0C91BC942}") = "Voodoo_Core", "Framework\Framework.vcproj", "{A5C09646-DA38-4869-82C3-11A66D706C43}"
EndProject
Project("{2150E333-8FDC-42A3-9474-1A3956D46DE8}") = "Utilities", "Utilities", "{183B55E4-BBC4-476F-B2B5-9FE4EF9DD99F}"
EndProject
Project("{8BC9CEB8-8B4A-11D0-8D11-00A0C91BC942}") = "DX89_Redirect", "Utilities\DX8.9_Redirect\DX8.9_Redirect.vcproj", "{8FFE37CF-C17A-4CFA-8B2D-32E6DC8FB44D}"
	ProjectSection(ProjectDependencies) = postProject
		{B6550BB7-3C25-4C46-A30D-8349AC3E4D8F} = {B6550BB7-3C25-4C46-A30D-8349AC3E4D8F}
	EndProjectSection
EndProject
Project("{2150E333-8FDC-42A3-9474-1A3956D46DE8}") = "Generic Adapters", "Generic Adapters", "{32835D9A-A1C1-48F9-8588-C10837E18EF4}"
EndProject
Project("{2150E333-8FDC-42A3-9474-1A3956D46DE8}") = "Specific Adapters", "Specific Adapters", "{817469ED-FCBA-4C43-A6B9-EE19FB4685D1}"
EndProject
Project("{8BC9CEB8-8B4A-11D0-8D11-00A0C91BC942}") = "Voodoo_DX9", "Generic\Voodoo_DX9\Voodoo_DX9.vcproj", "{758A3040-38D6-4573-8C1B-74B35ECCAA6E}"
	ProjectSection(ProjectDependencies) = postProject
		{A5C09646-DA38-4869-82C3-11A66D706C43} = {A5C09646-DA38-4869-82C3-11A66D706C43}
	EndProjectSection
EndProject
Project("{8BC9CEB8-8B4A-11D0-8D11-00A0C91BC942}") = "Voodoo_DX89", "Generic\Voodoo_DX89\Voodoo_DX89.vcproj", "{B6550BB7-3C25-4C46-A30D-8349AC3E4D8F}"
	ProjectSection(ProjectDependencies) = postProject
		{A5C09646-DA38-4869-82C3-11A66D706C43} = {A5C09646-DA38-4869-82C3-11A66D706C43}
	EndProjectSection
EndProject
Project("{8BC9CEB8-8B4A-11D0-8D11-00A0C91BC942}") = "Voodoo_Frost", "Specific\Voodoo_Frost\Voodoo_Frost.vcproj", "{98903591-D205-49ED-AE60-44BDD620D16E}"
	ProjectSection(ProjectDependencies) = postProject
		{A5C09646-DA38-4869-82C3-11A66D706C43} = {A5C09646-DA38-4869-82C3-11A66D706C43}
	EndProjectSection
EndProject
Project("{2150E333-8FDC-42A3-9474-1A3956D46DE8}") = "Core", "Core", "{7F047FD6-67EA-4144-8B8F-DE017246ABDE}"
EndProject
Project("{2150E333-8FDC-42A3-9474-1A3956D46DE8}") = "Docs", "Docs", "{093207D3-DF56-4F72-BD00-ACACD9476FA8}"
	ProjectSection(SolutionItems) = preProject
		CREDITS = CREDITS
		Docs\Doxyfile = Docs\Doxyfile
		LICENSE = LICENSE
		README = README
	EndProjectSection
EndProject
Project("{2150E333-8FDC-42A3-9474-1A3956D46DE8}") = "Resources", "Resources", "{9FC03207-E672-46B6-BB1D-B34C6F00AB54}"
EndProject
Project("{2150E333-8FDC-42A3-9474-1A3956D46DE8}") = "Installers", "Installers", "{2ED5D2C5-78A5-4FDE-BB9F-5D3AF391B3AA}"
EndProject
Project("{2150E333-8FDC-42A3-9474-1A3956D46DE8}") = "Shaders", "Shaders", "{7FC6175A-13FA-4F59-A164-37BDC94775CF}"
EndProject
Project("{8BC9CEB8-8B4A-11D0-8D11-00A0C91BC942}") = "DX9_Redirect", "Utilities\DX9_Redirect\DX9_Redirect.vcproj", "{E1C759FC-DC8B-47E1-AEB2-084BC53DED59}"
	ProjectSection(ProjectDependencies) = postProject
		{758A3040-38D6-4573-8C1B-74B35ECCAA6E} = {758A3040-38D6-4573-8C1B-74B35ECCAA6E}
	EndProjectSection
EndProject
Project("{FAE04EC0-301F-11D3-BF4B-00C04F79EFBC}") = "VersionIncrement", "Utilities\VersionIncrement\VersionIncrement.csproj", "{0027F876-E80C-4C23-B196-061BBC59DF08}"
EndProject
Project("{8BC9CEB8-8B4A-11D0-8D11-00A0C91BC942}") = "Voodoo_Gem", "Specific\Voodoo_Gem\Voodoo_Gem.vcproj", "{1BCE17B2-8422-45C7-AE61-8277C08FE251}"
	ProjectSection(ProjectDependencies) = postProject
		{A5C09646-DA38-4869-82C3-11A66D706C43} = {A5C09646-DA38-4869-82C3-11A66D706C43}
	EndProjectSection
EndProject
Project("{8BC9CEB8-8B4A-11D0-8D11-00A0C91BC942}") = "Gem_Redirect", "Utilities\Gem_Redirect\Gem_Redirect.vcproj", "{6234D300-FD30-4A04-A3A2-4739C5D9B95F}"
	ProjectSection(ProjectDependencies) = postProject
		{1BCE17B2-8422-45C7-AE61-8277C08FE251} = {1BCE17B2-8422-45C7-AE61-8277C08FE251}
	EndProjectSection
EndProject
Project("{2150E333-8FDC-42A3-9474-1A3956D46DE8}") = "Hooks", "Hooks", "{2C578E80-5F76-4525-8D0B-F3FFD969918C}"
EndProject
Project("{8BC9CEB8-8B4A-11D0-8D11-00A0C91BC942}") = "Testbed", "Utilities\Testbed\Testbed.vcproj", "{F43BEAEB-9EBF-4FDA-BDB6-B7C810746EF1}"
	ProjectSection(ProjectDependencies) = postProject
		{A5C09646-DA38-4869-82C3-11A66D706C43} = {A5C09646-DA38-4869-82C3-11A66D706C43}
	EndProjectSection
EndProject
Global
	GlobalSection(SolutionConfigurationPlatforms) = preSolution
		Debug|Any CPU = Debug|Any CPU
		Debug|Mixed Platforms = Debug|Mixed Platforms
		Debug|Win32 = Debug|Win32
		Release|Any CPU = Release|Any CPU
		Release|Mixed Platforms = Release|Mixed Platforms
		Release|Win32 = Release|Win32
	EndGlobalSection
	GlobalSection(ProjectConfigurationPlatforms) = postSolution
		{A5C09646-DA38-4869-82C3-11A66D706C43}.Debug|Any CPU.ActiveCfg = Debug|Win32
		{A5C09646-DA38-4869-82C3-11A66D706C43}.Debug|Mixed Platforms.ActiveCfg = Debug|Win32
		{A5C09646-DA38-4869-82C3-11A66D706C43}.Debug|Mixed Platforms.Build.0 = Debug|Win32
		{A5C09646-DA38-4869-82C3-11A66D706C43}.Debug|Win32.ActiveCfg = Debug|Win32
		{A5C09646-DA38-4869-82C3-11A66D706C43}.Debug|Win32.Build.0 = Debug|Win32
		{A5C09646-DA38-4869-82C3-11A66D706C43}.Release|Any CPU.ActiveCfg = Release|Win32
		{A5C09646-DA38-4869-82C3-11A66D706C43}.Release|Mixed Platforms.ActiveCfg = Release|Win32
		{A5C09646-DA38-4869-82C3-11A66D706C43}.Release|Mixed Platforms.Build.0 = Release|Win32
		{A5C09646-DA38-4869-82C3-11A66D706C43}.Release|Win32.ActiveCfg = Release|Win32
		{A5C09646-DA38-4869-82C3-11A66D706C43}.Release|Win32.Build.0 = Release|Win32
		{8FFE37CF-C17A-4CFA-8B2D-32E6DC8FB44D}.Debug|Any CPU.ActiveCfg = Debug|Win32
		{8FFE37CF-C17A-4CFA-8B2D-32E6DC8FB44D}.Debug|Mixed Platforms.ActiveCfg = Debug|Win32
		{8FFE37CF-C17A-4CFA-8B2D-32E6DC8FB44D}.Debug|Mixed Platforms.Build.0 = Debug|Win32
		{8FFE37CF-C17A-4CFA-8B2D-32E6DC8FB44D}.Debug|Win32.ActiveCfg = Debug|Win32
		{8FFE37CF-C17A-4CFA-8B2D-32E6DC8FB44D}.Debug|Win32.Build.0 = Debug|Win32
		{8FFE37CF-C17A-4CFA-8B2D-32E6DC8FB44D}.Release|Any CPU.ActiveCfg = Release|Win32
		{8FFE37CF-C17A-4CFA-8B2D-32E6DC8FB44D}.Release|Mixed Platforms.ActiveCfg = Release|Win32
		{8FFE37CF-C17A-4CFA-8B2D-32E6DC8FB44D}.Release|Mixed Platforms.Build.0 = Release|Win32
		{8FFE37CF-C17A-4CFA-8B2D-32E6DC8FB44D}.Release|Win32.ActiveCfg = Release|Win32
		{8FFE37CF-C17A-4CFA-8B2D-32E6DC8FB44D}.Release|Win32.Build.0 = Release|Win32
		{758A3040-38D6-4573-8C1B-74B35ECCAA6E}.Debug|Any CPU.ActiveCfg = Debug|Win32
		{758A3040-38D6-4573-8C1B-74B35ECCAA6E}.Debug|Mixed Platforms.ActiveCfg = Debug|Win32
		{758A3040-38D6-4573-8C1B-74B35ECCAA6E}.Debug|Mixed Platforms.Build.0 = Debug|Win32
		{758A3040-38D6-4573-8C1B-74B35ECCAA6E}.Debug|Win32.ActiveCfg = Debug|Win32
		{758A3040-38D6-4573-8C1B-74B35ECCAA6E}.Debug|Win32.Build.0 = Debug|Win32
		{758A3040-38D6-4573-8C1B-74B35ECCAA6E}.Release|Any CPU.ActiveCfg = Release|Win32
		{758A3040-38D6-4573-8C1B-74B35ECCAA6E}.Release|Mixed Platforms.ActiveCfg = Release|Win32
		{758A3040-38D6-4573-8C1B-74B35ECCAA6E}.Release|Mixed Platforms.Build.0 = Release|Win32
		{758A3040-38D6-4573-8C1B-74B35ECCAA6E}.Release|Win32.ActiveCfg = Release|Win32
		{758A3040-38D6-4573-8C1B-74B35ECCAA6E}.Release|Win32.Build.0 = Release|Win32
		{B6550BB7-3C25-4C46-A30D-8349AC3E4D8F}.Debug|Any CPU.ActiveCfg = Debug|Win32
		{B6550BB7-3C25-4C46-A30D-8349AC3E4D8F}.Debug|Mixed Platforms.ActiveCfg = Debug|Win32
		{B6550BB7-3C25-4C46-A30D-8349AC3E4D8F}.Debug|Mixed Platforms.Build.0 = Debug|Win32
		{B6550BB7-3C25-4C46-A30D-8349AC3E4D8F}.Debug|Win32.ActiveCfg = Debug|Win32
		{B6550BB7-3C25-4C46-A30D-8349AC3E4D8F}.Debug|Win32.Build.0 = Debug|Win32
		{B6550BB7-3C25-4C46-A30D-8349AC3E4D8F}.Release|Any CPU.ActiveCfg = Release|Win32
		{B6550BB7-3C25-4C46-A30D-8349AC3E4D8F}.Release|Mixed Platforms.ActiveCfg = Release|Win32
		{B6550BB7-3C25-4C46-A30D-8349AC3E4D8F}.Release|Mixed Platforms.Build.0 = Release|Win32
		{B6550BB7-3C25-4C46-A30D-8349AC3E4D8F}.Release|Win32.ActiveCfg = Release|Win32
		{B6550BB7-3C25-4C46-A30D-8349AC3E4D8F}.Release|Win32.Build.0 = Release|Win32
		{98903591-D205-49ED-AE60-44BDD620D16E}.Debug|Any CPU.ActiveCfg = Debug|Win32
		{98903591-D205-49ED-AE60-44BDD620D16E}.Debug|Mixed Platforms.ActiveCfg = Debug|Win32
		{98903591-D205-49ED-AE60-44BDD620D16E}.Debug|Mixed Platforms.Build.0 = Debug|Win32
		{98903591-D205-49ED-AE60-44BDD620D16E}.Debug|Win32.ActiveCfg = Debug|Win32
		{98903591-D205-49ED-AE60-44BDD620D16E}.Debug|Win32.Build.0 = Debug|Win32
		{98903591-D205-49ED-AE60-44BDD620D16E}.Release|Any CPU.ActiveCfg = Release|Win32
		{98903591-D205-49ED-AE60-44BDD620D16E}.Release|Mixed Platforms.ActiveCfg = Release|Win32
		{98903591-D205-49ED-AE60-44BDD620D16E}.Release|Mixed Platforms.Build.0 = Release|Win32
		{98903591-D205-49ED-AE60-44BDD620D16E}.Release|Win32.ActiveCfg = Release|Win32
		{98903591-D205-49ED-AE60-44BDD620D16E}.Release|Win32.Build.0 = Release|Win32
		{E1C759FC-DC8B-47E1-AEB2-084BC53DED59}.Debug|Any CPU.ActiveCfg = Debug|Win32
		{E1C759FC-DC8B-47E1-AEB2-084BC53DED59}.Debug|Mixed Platforms.ActiveCfg = Debug|Win32
		{E1C759FC-DC8B-47E1-AEB2-084BC53DED59}.Debug|Mixed Platforms.Build.0 = Debug|Win32
		{E1C759FC-DC8B-47E1-AEB2-084BC53DED59}.Debug|Win32.ActiveCfg = Debug|Win32
		{E1C759FC-DC8B-47E1-AEB2-084BC53DED59}.Debug|Win32.Build.0 = Debug|Win32
		{E1C759FC-DC8B-47E1-AEB2-084BC53DED59}.Release|Any CPU.ActiveCfg = Release|Win32
		{E1C759FC-DC8B-47E1-AEB2-084BC53DED59}.Release|Mixed Platforms.ActiveCfg = Release|Win32
		{E1C759FC-DC8B-47E1-AEB2-084BC53DED59}.Release|Mixed Platforms.Build.0 = Release|Win32
		{E1C759FC-DC8B-47E1-AEB2-084BC53DED59}.Release|Win32.ActiveCfg = Release|Win32
		{E1C759FC-DC8B-47E1-AEB2-084BC53DED59}.Release|Win32.Build.0 = Release|Win32
		{0027F876-E80C-4C23-B196-061BBC59DF08}.Debug|Any CPU.ActiveCfg = Debug|Any CPU
		{0027F876-E80C-4C23-B196-061BBC59DF08}.Debug|Any CPU.Build.0 = Debug|Any CPU
		{0027F876-E80C-4C23-B196-061BBC59DF08}.Debug|Mixed Platforms.ActiveCfg = Debug|Any CPU
		{0027F876-E80C-4C23-B196-061BBC59DF08}.Debug|Mixed Platforms.Build.0 = Debug|Any CPU
		{0027F876-E80C-4C23-B196-061BBC59DF08}.Debug|Win32.ActiveCfg = Debug|Any CPU
		{0027F876-E80C-4C23-B196-061BBC59DF08}.Release|Any CPU.ActiveCfg = Release|Any CPU
		{0027F876-E80C-4C23-B196-061BBC59DF08}.Release|Any CPU.Build.0 = Release|Any CPU
		{0027F876-E80C-4C23-B196-061BBC59DF08}.Release|Mixed Platforms.ActiveCfg = Release|Any CPU
		{0027F876-E80C-4C23-B196-061BBC59DF08}.Release|Mixed Platforms.Build.0 = Release|Any CPU
		{0027F876-E80C-4C23-B196-061BBC59DF08}.Release|Win32.ActiveCfg = Release|Any CPU
		{1BCE17B2-8422-45C7-AE61-8277C08FE251}.Debug|Any CPU.ActiveCfg = Debug|Win32
		{1BCE17B2-8422-45C7-AE61-8277C08FE251}.Debug|Mixed Platforms.ActiveCfg = Debug|Win32
		{1BCE17B2-8422-45C7-AE61-8277C08FE251}.Debug|Mixed Platforms.Build.0 = Debug|Win32
		{1BCE17B2-8422-45C7-AE61-8277C08FE251}.Debug|Win32.ActiveCfg = Debug|Win32
		{1BCE17B2-8422-45C7-AE61-8277C08FE251}.Debug|Win32.Build.0 = Debug|Win32
		{1BCE17B2-8422-45C7-AE61-8277C08FE251}.Release|Any CPU.ActiveCfg = Release|Win32
		{1BCE17B2-8422-45C7-AE61-8277C08FE251}.Release|Mixed Platforms.ActiveCfg = Release|Win32
		{1BCE17B2-8422-45C7-AE61-8277C08FE251}.Release|Mixed Platforms.Build.0 = Release|Win32
		{1BCE17B2-8422-45C7-AE61-8277C08FE251}.Release|Win32.ActiveCfg = Release|Win32
		{1BCE17B2-8422-45C7-AE61-8277C08FE251}.Release|Win32.Build.0 = Release|Win32
		{6234D300-FD30-4A04-A3A2-4739C5D9B95F}.Debug|Any CPU.ActiveCfg = Debug|Win32
		{6234D300-FD30-4A04-A3A2-4739C5D9B95F}.Debug|Mixed Platforms.ActiveCfg = Debug|Win32
		{6234D300-FD30-4A04-A3A2-4739C5D9B95F}.Debug|Mixed Platforms.Build.0 = Debug|Win32
		{6234D300-FD30-4A04-A3A2-4739C5D9B95F}.Debug|Win32.ActiveCfg = Debug|Win32
		{6234D300-FD30-4A04-A3A2-4739C5D9B95F}.Debug|Win32.Build.0 = Debug|Win32
		{6234D300-FD30-4A04-A3A2-4739C5D9B95F}.Release|Any CPU.ActiveCfg = Release|Win32
		{6234D300-FD30-4A04-A3A2-4739C5D9B95F}.Release|Mixed Platforms.ActiveCfg = Release|Win32
		{6234D300-FD30-4A04-A3A2-4739C5D9B95F}.Release|Mixed Platforms.Build.0 = Release|Win32
		{6234D300-FD30-4A04-A3A2-4739C5D9B95F}.Release|Win32.ActiveCfg = Release|Win32
		{6234D300-FD30-4A04-A3A2-4739C5D9B95F}.Release|Win32.Build.0 = Release|Win32
		{F43BEAEB-9EBF-4FDA-BDB6-B7C810746EF1}.Debug|Any CPU.ActiveCfg = Debug|Win32
		{F43BEAEB-9EBF-4FDA-BDB6-B7C810746EF1}.Debug|Mixed Platforms.ActiveCfg = Debug|Win32
		{F43BEAEB-9EBF-4FDA-BDB6-B7C810746EF1}.Debug|Mixed Platforms.Build.0 = Debug|Win32
		{F43BEAEB-9EBF-4FDA-BDB6-B7C810746EF1}.Debug|Win32.ActiveCfg = Debug|Win32
		{F43BEAEB-9EBF-4FDA-BDB6-B7C810746EF1}.Debug|Win32.Build.0 = Debug|Win32
		{F43BEAEB-9EBF-4FDA-BDB6-B7C810746EF1}.Release|Any CPU.ActiveCfg = Release|Win32
		{F43BEAEB-9EBF-4FDA-BDB6-B7C810746EF1}.Release|Mixed Platforms.ActiveCfg = Release|Win32
		{F43BEAEB-9EBF-4FDA-BDB6-B7C810746EF1}.Release|Mixed Platforms.Build.0 = Release|Win32
		{F43BEAEB-9EBF-4FDA-BDB6-B7C810746EF1}.Release|Win32.ActiveCfg = Release|Win32
		{F43BEAEB-9EBF-4FDA-BDB6-B7C810746EF1}.Release|Win32.Build.0 = Release|Win32
	EndGlobalSection
	GlobalSection(SolutionProperties) = preSolution
		HideSolutionNode = FALSE
	EndGlobalSection
	GlobalSection(NestedProjects) = preSolution
		{A5C09646-DA38-4869-82C3-11A66D706C43} = {7F047FD6-67EA-4144-8B8F-DE017246ABDE}
		{0027F876-E80C-4C23-B196-061BBC59DF08} = {183B55E4-BBC4-476F-B2B5-9FE4EF9DD99F}
		{F43BEAEB-9EBF-4FDA-BDB6-B7C810746EF1} = {183B55E4-BBC4-476F-B2B5-9FE4EF9DD99F}
		{E1C759FC-DC8B-47E1-AEB2-084BC53DED59} = {2C578E80-5F76-4525-8D0B-F3FFD969918C}
		{6234D300-FD30-4A04-A3A2-4739C5D9B95F} = {2C578E80-5F76-4525-8D0B-F3FFD969918C}
		{8FFE37CF-C17A-4CFA-8B2D-32E6DC8FB44D} = {2C578E80-5F76-4525-8D0B-F3FFD969918C}
		{758A3040-38D6-4573-8C1B-74B35ECCAA6E} = {32835D9A-A1C1-48F9-8588-C10837E18EF4}
		{B6550BB7-3C25-4C46-A30D-8349AC3E4D8F} = {32835D9A-A1C1-48F9-8588-C10837E18EF4}
		{98903591-D205-49ED-AE60-44BDD620D16E} = {817469ED-FCBA-4C43-A6B9-EE19FB4685D1}
		{1BCE17B2-8422-45C7-AE61-8277C08FE251} = {817469ED-FCBA-4C43-A6B9-EE19FB4685D1}
		{2ED5D2C5-78A5-4FDE-BB9F-5D3AF391B3AA} = {9FC03207-E672-46B6-BB1D-B34C6F00AB54}
		{7FC6175A-13FA-4F59-A164-37BDC94775CF} = {9FC03207-E672-46B6-BB1D-B34C6F00AB54}
	EndGlobalSection
EndGlobal
