
Microsoft Visual Studio Solution File, Format Version 11.00
# Visual Studio 2010
Project("{2150E333-8FDC-42A3-9474-1A3956D46DE8}") = "Utilities", "Utilities", "{183B55E4-BBC4-476F-B2B5-9FE4EF9DD99F}"
EndProject
Project("{2150E333-8FDC-42A3-9474-1A3956D46DE8}") = "Generic", "Generic", "{32835D9A-A1C1-48F9-8588-C10837E18EF4}"
EndProject
Project("{2150E333-8FDC-42A3-9474-1A3956D46DE8}") = "Specific", "Specific", "{817469ED-FCBA-4C43-A6B9-EE19FB4685D1}"
EndProject
Project("{2150E333-8FDC-42A3-9474-1A3956D46DE8}") = "Docs", "Docs", "{093207D3-DF56-4F72-BD00-ACACD9476FA8}"
	ProjectSection(SolutionItems) = preProject
		CREDITS.markdown = CREDITS.markdown
		Docs\Doxyfile = Docs\Doxyfile
		LICENSE = LICENSE
		README.markdown = README.markdown
	EndProjectSection
EndProject
Project("{2150E333-8FDC-42A3-9474-1A3956D46DE8}") = "Resources", "Resources", "{9FC03207-E672-46B6-BB1D-B34C6F00AB54}"
EndProject
Project("{2150E333-8FDC-42A3-9474-1A3956D46DE8}") = "Installers", "Installers", "{2ED5D2C5-78A5-4FDE-BB9F-5D3AF391B3AA}"
EndProject
Project("{2150E333-8FDC-42A3-9474-1A3956D46DE8}") = "Shaders", "Shaders", "{7FC6175A-13FA-4F59-A164-37BDC94775CF}"
EndProject
Project("{2150E333-8FDC-42A3-9474-1A3956D46DE8}") = "Framework", "Framework", "{2C578E80-5F76-4525-8D0B-F3FFD969918C}"
EndProject
Project("{8BC9CEB8-8B4A-11D0-8D11-00A0C91BC942}") = "Voodoo_DX9", "Adapters\Generic\Voodoo_DX9\Voodoo_DX9.vcxproj", "{758A3040-38D6-4573-8C1B-74B35ECCAA6E}"
	ProjectSection(ProjectDependencies) = postProject
		{6234D300-FD30-4A04-A3A2-4739C5D9B95F} = {6234D300-FD30-4A04-A3A2-4739C5D9B95F}
		{089DE4CD-7134-42A8-9673-2EE03832AEF6} = {089DE4CD-7134-42A8-9673-2EE03832AEF6}
		{88003ADC-5DD3-4CF7-B636-9F7F16DECEB3} = {88003ADC-5DD3-4CF7-B636-9F7F16DECEB3}
	EndProjectSection
EndProject
Project("{8BC9CEB8-8B4A-11D0-8D11-00A0C91BC942}") = "Voodoo_DX89", "Adapters\Generic\Voodoo_DX89\Voodoo_DX89.vcxproj", "{B6550BB7-3C25-4C46-A30D-8349AC3E4D8F}"
	ProjectSection(ProjectDependencies) = postProject
		{6234D300-FD30-4A04-A3A2-4739C5D9B95F} = {6234D300-FD30-4A04-A3A2-4739C5D9B95F}
		{089DE4CD-7134-42A8-9673-2EE03832AEF6} = {089DE4CD-7134-42A8-9673-2EE03832AEF6}
		{88003ADC-5DD3-4CF7-B636-9F7F16DECEB3} = {88003ADC-5DD3-4CF7-B636-9F7F16DECEB3}
	EndProjectSection
EndProject
Project("{8BC9CEB8-8B4A-11D0-8D11-00A0C91BC942}") = "Voodoo_Frost", "Adapters\Specific\Voodoo_Frost\Voodoo_Frost.vcxproj", "{98903591-D205-49ED-AE60-44BDD620D16E}"
	ProjectSection(ProjectDependencies) = postProject
		{6234D300-FD30-4A04-A3A2-4739C5D9B95F} = {6234D300-FD30-4A04-A3A2-4739C5D9B95F}
		{089DE4CD-7134-42A8-9673-2EE03832AEF6} = {089DE4CD-7134-42A8-9673-2EE03832AEF6}
		{88003ADC-5DD3-4CF7-B636-9F7F16DECEB3} = {88003ADC-5DD3-4CF7-B636-9F7F16DECEB3}
	EndProjectSection
EndProject
Project("{8BC9CEB8-8B4A-11D0-8D11-00A0C91BC942}") = "Voodoo_Gem", "Adapters\Specific\Voodoo_Gem\Voodoo_Gem.vcxproj", "{1BCE17B2-8422-45C7-AE61-8277C08FE251}"
	ProjectSection(ProjectDependencies) = postProject
		{6234D300-FD30-4A04-A3A2-4739C5D9B95F} = {6234D300-FD30-4A04-A3A2-4739C5D9B95F}
		{089DE4CD-7134-42A8-9673-2EE03832AEF6} = {089DE4CD-7134-42A8-9673-2EE03832AEF6}
		{88003ADC-5DD3-4CF7-B636-9F7F16DECEB3} = {88003ADC-5DD3-4CF7-B636-9F7F16DECEB3}
	EndProjectSection
EndProject
Project("{8BC9CEB8-8B4A-11D0-8D11-00A0C91BC942}") = "Testbed", "Utilities\Testbed\Testbed.vcxproj", "{F43BEAEB-9EBF-4FDA-BDB6-B7C810746EF1}"
EndProject
Project("{FAE04EC0-301F-11D3-BF4B-00C04F79EFBC}") = "LogViewer", "Utilities\LogViewer\LogViewer.csproj", "{82C4257D-3F4D-4F7D-A0B6-0282C044E7E7}"
EndProject
Project("{8BC9CEB8-8B4A-11D0-8D11-00A0C91BC942}") = "Voodoo_Loader", "Framework\Loader\Voodoo_Loader.vcxproj", "{6234D300-FD30-4A04-A3A2-4739C5D9B95F}"
EndProject
Project("{8BC9CEB8-8B4A-11D0-8D11-00A0C91BC942}") = "Voodoo_Hook", "Framework\Hook\Hook.vcxproj", "{089DE4CD-7134-42A8-9673-2EE03832AEF6}"
EndProject
Project("{FAE04EC0-301F-11D3-BF4B-00C04F79EFBC}") = "Manager", "Utilities\Manager\Manager.csproj", "{C700ACFD-EDD6-46F9-9E42-FB3A1B901E80}"
EndProject
Project("{2150E333-8FDC-42A3-9474-1A3956D46DE8}") = "Adapters", "Adapters", "{6F835D16-DF88-4950-A9AA-422CBEB3F3CF}"
EndProject
Project("{8BC9CEB8-8B4A-11D0-8D11-00A0C91BC942}") = "Voodoo_Filesystem", "Framework\Filesystem\Filesystem.vcxproj", "{88003ADC-5DD3-4CF7-B636-9F7F16DECEB3}"
EndProject
Project("{8BC9CEB8-8B4A-11D0-8D11-00A0C91BC942}") = "Voodoo_Core", "Framework\Core\Core.vcxproj", "{BC08F231-D53D-4D19-AF7E-9387521187BF}"
EndProject
Project("{2150E333-8FDC-42A3-9474-1A3956D46DE8}") = "Test", "Test", "{9E41722B-FF31-4AA9-A64C-96B9AA175C30}"
EndProject
Project("{8BC9CEB8-8B4A-11D0-8D11-00A0C91BC942}") = "Core_Tests", "Tests\Core_Basic_Cpp_NoHarness\Core_Basic_Cpp_NoHarness.vcxproj", "{BFF5D1D1-CE35-4819-BC4D-7A06CEAFCB05}"
EndProject
Project("{8BC9CEB8-8B4A-11D0-8D11-00A0C91BC942}") = "Standalone_Core", "Tests\Standalone_Core\Standalone_Core.vcxproj", "{4013F9BF-9367-405B-8005-025EABF878BD}"
EndProject
Project("{FAE04EC0-301F-11D3-BF4B-00C04F79EFBC}") = "NetInherit", "Tests\NetInherit\NetInherit.csproj", "{F0B829B9-0E64-47F0-8808-7E5A64EA96F6}"
EndProject
Project("{8BC9CEB8-8B4A-11D0-8D11-00A0C91BC942}") = "Voodoo_XmlLogger", "Framework\XmlLogger\XmlLogger.vcxproj", "{87CD02DD-A1F1-4F95-9D3A-A4994DB5E1C6}"
EndProject
Global
	GlobalSection(SolutionConfigurationPlatforms) = preSolution
		Debug_Analysis|Any CPU = Debug_Analysis|Any CPU
		Debug_Analysis|Mixed Platforms = Debug_Analysis|Mixed Platforms
		Debug_Analysis|Win32 = Debug_Analysis|Win32
		Debug_Analysis|x86 = Debug_Analysis|x86
		Debug|Any CPU = Debug|Any CPU
		Debug|Mixed Platforms = Debug|Mixed Platforms
		Debug|Win32 = Debug|Win32
		Debug|x86 = Debug|x86
		Release|Any CPU = Release|Any CPU
		Release|Mixed Platforms = Release|Mixed Platforms
		Release|Win32 = Release|Win32
		Release|x86 = Release|x86
		Template|Any CPU = Template|Any CPU
		Template|Mixed Platforms = Template|Mixed Platforms
		Template|Win32 = Template|Win32
		Template|x86 = Template|x86
	EndGlobalSection
	GlobalSection(ProjectConfigurationPlatforms) = postSolution
		{758A3040-38D6-4573-8C1B-74B35ECCAA6E}.Debug_Analysis|Any CPU.ActiveCfg = Debug_Analysis|Win32
		{758A3040-38D6-4573-8C1B-74B35ECCAA6E}.Debug_Analysis|Mixed Platforms.ActiveCfg = Debug_Analysis|Win32
		{758A3040-38D6-4573-8C1B-74B35ECCAA6E}.Debug_Analysis|Mixed Platforms.Build.0 = Debug_Analysis|Win32
		{758A3040-38D6-4573-8C1B-74B35ECCAA6E}.Debug_Analysis|Win32.ActiveCfg = Debug_Analysis|Win32
		{758A3040-38D6-4573-8C1B-74B35ECCAA6E}.Debug_Analysis|Win32.Build.0 = Debug_Analysis|Win32
		{758A3040-38D6-4573-8C1B-74B35ECCAA6E}.Debug_Analysis|x86.ActiveCfg = Debug_Analysis|Win32
		{758A3040-38D6-4573-8C1B-74B35ECCAA6E}.Debug|Any CPU.ActiveCfg = Debug|Win32
		{758A3040-38D6-4573-8C1B-74B35ECCAA6E}.Debug|Mixed Platforms.ActiveCfg = Debug|Win32
		{758A3040-38D6-4573-8C1B-74B35ECCAA6E}.Debug|Mixed Platforms.Build.0 = Debug|Win32
		{758A3040-38D6-4573-8C1B-74B35ECCAA6E}.Debug|Win32.ActiveCfg = Debug|Win32
		{758A3040-38D6-4573-8C1B-74B35ECCAA6E}.Debug|Win32.Build.0 = Debug|Win32
		{758A3040-38D6-4573-8C1B-74B35ECCAA6E}.Debug|x86.ActiveCfg = Debug|Win32
		{758A3040-38D6-4573-8C1B-74B35ECCAA6E}.Release|Any CPU.ActiveCfg = Release|Win32
		{758A3040-38D6-4573-8C1B-74B35ECCAA6E}.Release|Mixed Platforms.ActiveCfg = Release|Win32
		{758A3040-38D6-4573-8C1B-74B35ECCAA6E}.Release|Mixed Platforms.Build.0 = Release|Win32
		{758A3040-38D6-4573-8C1B-74B35ECCAA6E}.Release|Win32.ActiveCfg = Release|Win32
		{758A3040-38D6-4573-8C1B-74B35ECCAA6E}.Release|Win32.Build.0 = Release|Win32
		{758A3040-38D6-4573-8C1B-74B35ECCAA6E}.Release|x86.ActiveCfg = Release|Win32
		{758A3040-38D6-4573-8C1B-74B35ECCAA6E}.Template|Any CPU.ActiveCfg = Template|Win32
		{758A3040-38D6-4573-8C1B-74B35ECCAA6E}.Template|Mixed Platforms.ActiveCfg = Template|Win32
		{758A3040-38D6-4573-8C1B-74B35ECCAA6E}.Template|Mixed Platforms.Build.0 = Template|Win32
		{758A3040-38D6-4573-8C1B-74B35ECCAA6E}.Template|Win32.ActiveCfg = Template|Win32
		{758A3040-38D6-4573-8C1B-74B35ECCAA6E}.Template|Win32.Build.0 = Template|Win32
		{758A3040-38D6-4573-8C1B-74B35ECCAA6E}.Template|x86.ActiveCfg = Template|Win32
		{B6550BB7-3C25-4C46-A30D-8349AC3E4D8F}.Debug_Analysis|Any CPU.ActiveCfg = Debug_Analysis|Win32
		{B6550BB7-3C25-4C46-A30D-8349AC3E4D8F}.Debug_Analysis|Mixed Platforms.ActiveCfg = Debug_Analysis|Win32
		{B6550BB7-3C25-4C46-A30D-8349AC3E4D8F}.Debug_Analysis|Mixed Platforms.Build.0 = Debug_Analysis|Win32
		{B6550BB7-3C25-4C46-A30D-8349AC3E4D8F}.Debug_Analysis|Win32.ActiveCfg = Debug_Analysis|Win32
		{B6550BB7-3C25-4C46-A30D-8349AC3E4D8F}.Debug_Analysis|Win32.Build.0 = Debug_Analysis|Win32
		{B6550BB7-3C25-4C46-A30D-8349AC3E4D8F}.Debug_Analysis|x86.ActiveCfg = Debug_Analysis|Win32
		{B6550BB7-3C25-4C46-A30D-8349AC3E4D8F}.Debug|Any CPU.ActiveCfg = Debug|Win32
		{B6550BB7-3C25-4C46-A30D-8349AC3E4D8F}.Debug|Mixed Platforms.ActiveCfg = Debug|Win32
		{B6550BB7-3C25-4C46-A30D-8349AC3E4D8F}.Debug|Mixed Platforms.Build.0 = Debug|Win32
		{B6550BB7-3C25-4C46-A30D-8349AC3E4D8F}.Debug|Win32.ActiveCfg = Debug|Win32
		{B6550BB7-3C25-4C46-A30D-8349AC3E4D8F}.Debug|Win32.Build.0 = Debug|Win32
		{B6550BB7-3C25-4C46-A30D-8349AC3E4D8F}.Debug|x86.ActiveCfg = Debug|Win32
		{B6550BB7-3C25-4C46-A30D-8349AC3E4D8F}.Release|Any CPU.ActiveCfg = Release|Win32
		{B6550BB7-3C25-4C46-A30D-8349AC3E4D8F}.Release|Mixed Platforms.ActiveCfg = Release|Win32
		{B6550BB7-3C25-4C46-A30D-8349AC3E4D8F}.Release|Mixed Platforms.Build.0 = Release|Win32
		{B6550BB7-3C25-4C46-A30D-8349AC3E4D8F}.Release|Win32.ActiveCfg = Release|Win32
		{B6550BB7-3C25-4C46-A30D-8349AC3E4D8F}.Release|Win32.Build.0 = Release|Win32
		{B6550BB7-3C25-4C46-A30D-8349AC3E4D8F}.Release|x86.ActiveCfg = Release|Win32
		{B6550BB7-3C25-4C46-A30D-8349AC3E4D8F}.Template|Any CPU.ActiveCfg = Template|Win32
		{B6550BB7-3C25-4C46-A30D-8349AC3E4D8F}.Template|Mixed Platforms.ActiveCfg = Template|Win32
		{B6550BB7-3C25-4C46-A30D-8349AC3E4D8F}.Template|Mixed Platforms.Build.0 = Template|Win32
		{B6550BB7-3C25-4C46-A30D-8349AC3E4D8F}.Template|Win32.ActiveCfg = Template|Win32
		{B6550BB7-3C25-4C46-A30D-8349AC3E4D8F}.Template|Win32.Build.0 = Template|Win32
		{B6550BB7-3C25-4C46-A30D-8349AC3E4D8F}.Template|x86.ActiveCfg = Template|Win32
		{98903591-D205-49ED-AE60-44BDD620D16E}.Debug_Analysis|Any CPU.ActiveCfg = Debug_Analysis|Win32
		{98903591-D205-49ED-AE60-44BDD620D16E}.Debug_Analysis|Mixed Platforms.ActiveCfg = Debug_Analysis|Win32
		{98903591-D205-49ED-AE60-44BDD620D16E}.Debug_Analysis|Mixed Platforms.Build.0 = Debug_Analysis|Win32
		{98903591-D205-49ED-AE60-44BDD620D16E}.Debug_Analysis|Win32.ActiveCfg = Debug_Analysis|Win32
		{98903591-D205-49ED-AE60-44BDD620D16E}.Debug_Analysis|Win32.Build.0 = Debug_Analysis|Win32
		{98903591-D205-49ED-AE60-44BDD620D16E}.Debug_Analysis|x86.ActiveCfg = Debug_Analysis|Win32
		{98903591-D205-49ED-AE60-44BDD620D16E}.Debug|Any CPU.ActiveCfg = Debug|Win32
		{98903591-D205-49ED-AE60-44BDD620D16E}.Debug|Mixed Platforms.ActiveCfg = Debug|Win32
		{98903591-D205-49ED-AE60-44BDD620D16E}.Debug|Mixed Platforms.Build.0 = Debug|Win32
		{98903591-D205-49ED-AE60-44BDD620D16E}.Debug|Win32.ActiveCfg = Debug|Win32
		{98903591-D205-49ED-AE60-44BDD620D16E}.Debug|Win32.Build.0 = Debug|Win32
		{98903591-D205-49ED-AE60-44BDD620D16E}.Debug|x86.ActiveCfg = Debug|Win32
		{98903591-D205-49ED-AE60-44BDD620D16E}.Release|Any CPU.ActiveCfg = Release|Win32
		{98903591-D205-49ED-AE60-44BDD620D16E}.Release|Mixed Platforms.ActiveCfg = Release|Win32
		{98903591-D205-49ED-AE60-44BDD620D16E}.Release|Mixed Platforms.Build.0 = Release|Win32
		{98903591-D205-49ED-AE60-44BDD620D16E}.Release|Win32.ActiveCfg = Release|Win32
		{98903591-D205-49ED-AE60-44BDD620D16E}.Release|Win32.Build.0 = Release|Win32
		{98903591-D205-49ED-AE60-44BDD620D16E}.Release|x86.ActiveCfg = Release|Win32
		{98903591-D205-49ED-AE60-44BDD620D16E}.Template|Any CPU.ActiveCfg = Template|Win32
		{98903591-D205-49ED-AE60-44BDD620D16E}.Template|Mixed Platforms.ActiveCfg = Template|Win32
		{98903591-D205-49ED-AE60-44BDD620D16E}.Template|Mixed Platforms.Build.0 = Template|Win32
		{98903591-D205-49ED-AE60-44BDD620D16E}.Template|Win32.ActiveCfg = Template|Win32
		{98903591-D205-49ED-AE60-44BDD620D16E}.Template|Win32.Build.0 = Template|Win32
		{98903591-D205-49ED-AE60-44BDD620D16E}.Template|x86.ActiveCfg = Template|Win32
		{1BCE17B2-8422-45C7-AE61-8277C08FE251}.Debug_Analysis|Any CPU.ActiveCfg = Debug_Analysis|Win32
		{1BCE17B2-8422-45C7-AE61-8277C08FE251}.Debug_Analysis|Mixed Platforms.ActiveCfg = Debug_Analysis|Win32
		{1BCE17B2-8422-45C7-AE61-8277C08FE251}.Debug_Analysis|Mixed Platforms.Build.0 = Debug_Analysis|Win32
		{1BCE17B2-8422-45C7-AE61-8277C08FE251}.Debug_Analysis|Win32.ActiveCfg = Debug_Analysis|Win32
		{1BCE17B2-8422-45C7-AE61-8277C08FE251}.Debug_Analysis|Win32.Build.0 = Debug_Analysis|Win32
		{1BCE17B2-8422-45C7-AE61-8277C08FE251}.Debug_Analysis|x86.ActiveCfg = Debug_Analysis|Win32
		{1BCE17B2-8422-45C7-AE61-8277C08FE251}.Debug|Any CPU.ActiveCfg = Debug|Win32
		{1BCE17B2-8422-45C7-AE61-8277C08FE251}.Debug|Mixed Platforms.ActiveCfg = Debug|Win32
		{1BCE17B2-8422-45C7-AE61-8277C08FE251}.Debug|Mixed Platforms.Build.0 = Debug|Win32
		{1BCE17B2-8422-45C7-AE61-8277C08FE251}.Debug|Win32.ActiveCfg = Debug|Win32
		{1BCE17B2-8422-45C7-AE61-8277C08FE251}.Debug|Win32.Build.0 = Debug|Win32
		{1BCE17B2-8422-45C7-AE61-8277C08FE251}.Debug|x86.ActiveCfg = Debug|Win32
		{1BCE17B2-8422-45C7-AE61-8277C08FE251}.Release|Any CPU.ActiveCfg = Release|Win32
		{1BCE17B2-8422-45C7-AE61-8277C08FE251}.Release|Mixed Platforms.ActiveCfg = Release|Win32
		{1BCE17B2-8422-45C7-AE61-8277C08FE251}.Release|Mixed Platforms.Build.0 = Release|Win32
		{1BCE17B2-8422-45C7-AE61-8277C08FE251}.Release|Win32.ActiveCfg = Release|Win32
		{1BCE17B2-8422-45C7-AE61-8277C08FE251}.Release|Win32.Build.0 = Release|Win32
		{1BCE17B2-8422-45C7-AE61-8277C08FE251}.Release|x86.ActiveCfg = Release|Win32
		{1BCE17B2-8422-45C7-AE61-8277C08FE251}.Template|Any CPU.ActiveCfg = Template|Win32
		{1BCE17B2-8422-45C7-AE61-8277C08FE251}.Template|Mixed Platforms.ActiveCfg = Template|Win32
		{1BCE17B2-8422-45C7-AE61-8277C08FE251}.Template|Mixed Platforms.Build.0 = Template|Win32
		{1BCE17B2-8422-45C7-AE61-8277C08FE251}.Template|Win32.ActiveCfg = Template|Win32
		{1BCE17B2-8422-45C7-AE61-8277C08FE251}.Template|Win32.Build.0 = Template|Win32
		{1BCE17B2-8422-45C7-AE61-8277C08FE251}.Template|x86.ActiveCfg = Template|Win32
		{F43BEAEB-9EBF-4FDA-BDB6-B7C810746EF1}.Debug_Analysis|Any CPU.ActiveCfg = Debug_Analysis|Win32
		{F43BEAEB-9EBF-4FDA-BDB6-B7C810746EF1}.Debug_Analysis|Mixed Platforms.ActiveCfg = Debug_Analysis|Win32
		{F43BEAEB-9EBF-4FDA-BDB6-B7C810746EF1}.Debug_Analysis|Mixed Platforms.Build.0 = Debug_Analysis|Win32
		{F43BEAEB-9EBF-4FDA-BDB6-B7C810746EF1}.Debug_Analysis|Win32.ActiveCfg = Debug_Analysis|Win32
		{F43BEAEB-9EBF-4FDA-BDB6-B7C810746EF1}.Debug_Analysis|Win32.Build.0 = Debug_Analysis|Win32
		{F43BEAEB-9EBF-4FDA-BDB6-B7C810746EF1}.Debug_Analysis|x86.ActiveCfg = Debug_Analysis|Win32
		{F43BEAEB-9EBF-4FDA-BDB6-B7C810746EF1}.Debug|Any CPU.ActiveCfg = Debug|Win32
		{F43BEAEB-9EBF-4FDA-BDB6-B7C810746EF1}.Debug|Mixed Platforms.ActiveCfg = Debug|Win32
		{F43BEAEB-9EBF-4FDA-BDB6-B7C810746EF1}.Debug|Mixed Platforms.Build.0 = Debug|Win32
		{F43BEAEB-9EBF-4FDA-BDB6-B7C810746EF1}.Debug|Win32.ActiveCfg = Debug|Win32
		{F43BEAEB-9EBF-4FDA-BDB6-B7C810746EF1}.Debug|Win32.Build.0 = Debug|Win32
		{F43BEAEB-9EBF-4FDA-BDB6-B7C810746EF1}.Debug|x86.ActiveCfg = Debug|Win32
		{F43BEAEB-9EBF-4FDA-BDB6-B7C810746EF1}.Release|Any CPU.ActiveCfg = Release|Win32
		{F43BEAEB-9EBF-4FDA-BDB6-B7C810746EF1}.Release|Mixed Platforms.ActiveCfg = Release|Win32
		{F43BEAEB-9EBF-4FDA-BDB6-B7C810746EF1}.Release|Mixed Platforms.Build.0 = Release|Win32
		{F43BEAEB-9EBF-4FDA-BDB6-B7C810746EF1}.Release|Win32.ActiveCfg = Release|Win32
		{F43BEAEB-9EBF-4FDA-BDB6-B7C810746EF1}.Release|Win32.Build.0 = Release|Win32
		{F43BEAEB-9EBF-4FDA-BDB6-B7C810746EF1}.Release|x86.ActiveCfg = Release|Win32
		{F43BEAEB-9EBF-4FDA-BDB6-B7C810746EF1}.Template|Any CPU.ActiveCfg = Release|Win32
		{F43BEAEB-9EBF-4FDA-BDB6-B7C810746EF1}.Template|Mixed Platforms.ActiveCfg = Release|Win32
		{F43BEAEB-9EBF-4FDA-BDB6-B7C810746EF1}.Template|Mixed Platforms.Build.0 = Release|Win32
		{F43BEAEB-9EBF-4FDA-BDB6-B7C810746EF1}.Template|Win32.ActiveCfg = Release|Win32
		{F43BEAEB-9EBF-4FDA-BDB6-B7C810746EF1}.Template|Win32.Build.0 = Release|Win32
		{F43BEAEB-9EBF-4FDA-BDB6-B7C810746EF1}.Template|x86.ActiveCfg = Release|Win32
		{82C4257D-3F4D-4F7D-A0B6-0282C044E7E7}.Debug_Analysis|Any CPU.ActiveCfg = Debug|x86
		{82C4257D-3F4D-4F7D-A0B6-0282C044E7E7}.Debug_Analysis|Mixed Platforms.ActiveCfg = Debug|x86
		{82C4257D-3F4D-4F7D-A0B6-0282C044E7E7}.Debug_Analysis|Mixed Platforms.Build.0 = Debug|x86
		{82C4257D-3F4D-4F7D-A0B6-0282C044E7E7}.Debug_Analysis|Win32.ActiveCfg = Debug|x86
		{82C4257D-3F4D-4F7D-A0B6-0282C044E7E7}.Debug_Analysis|x86.ActiveCfg = Debug|x86
		{82C4257D-3F4D-4F7D-A0B6-0282C044E7E7}.Debug_Analysis|x86.Build.0 = Debug|x86
		{82C4257D-3F4D-4F7D-A0B6-0282C044E7E7}.Debug|Any CPU.ActiveCfg = Debug|x86
		{82C4257D-3F4D-4F7D-A0B6-0282C044E7E7}.Debug|Mixed Platforms.ActiveCfg = Debug|x86
		{82C4257D-3F4D-4F7D-A0B6-0282C044E7E7}.Debug|Mixed Platforms.Build.0 = Debug|x86
		{82C4257D-3F4D-4F7D-A0B6-0282C044E7E7}.Debug|Win32.ActiveCfg = Debug|x86
		{82C4257D-3F4D-4F7D-A0B6-0282C044E7E7}.Debug|x86.ActiveCfg = Debug|x86
		{82C4257D-3F4D-4F7D-A0B6-0282C044E7E7}.Debug|x86.Build.0 = Debug|x86
		{82C4257D-3F4D-4F7D-A0B6-0282C044E7E7}.Release|Any CPU.ActiveCfg = Release|x86
		{82C4257D-3F4D-4F7D-A0B6-0282C044E7E7}.Release|Mixed Platforms.ActiveCfg = Release|x86
		{82C4257D-3F4D-4F7D-A0B6-0282C044E7E7}.Release|Mixed Platforms.Build.0 = Release|x86
		{82C4257D-3F4D-4F7D-A0B6-0282C044E7E7}.Release|Win32.ActiveCfg = Release|x86
		{82C4257D-3F4D-4F7D-A0B6-0282C044E7E7}.Release|x86.ActiveCfg = Release|x86
		{82C4257D-3F4D-4F7D-A0B6-0282C044E7E7}.Release|x86.Build.0 = Release|x86
		{82C4257D-3F4D-4F7D-A0B6-0282C044E7E7}.Template|Any CPU.ActiveCfg = Release|x86
		{82C4257D-3F4D-4F7D-A0B6-0282C044E7E7}.Template|Mixed Platforms.ActiveCfg = Release|x86
		{82C4257D-3F4D-4F7D-A0B6-0282C044E7E7}.Template|Mixed Platforms.Build.0 = Release|x86
		{82C4257D-3F4D-4F7D-A0B6-0282C044E7E7}.Template|Win32.ActiveCfg = Release|x86
		{82C4257D-3F4D-4F7D-A0B6-0282C044E7E7}.Template|x86.ActiveCfg = Release|x86
		{82C4257D-3F4D-4F7D-A0B6-0282C044E7E7}.Template|x86.Build.0 = Release|x86
		{6234D300-FD30-4A04-A3A2-4739C5D9B95F}.Debug_Analysis|Any CPU.ActiveCfg = Debug_Analysis|Win32
		{6234D300-FD30-4A04-A3A2-4739C5D9B95F}.Debug_Analysis|Mixed Platforms.ActiveCfg = Debug_Analysis|Win32
		{6234D300-FD30-4A04-A3A2-4739C5D9B95F}.Debug_Analysis|Mixed Platforms.Build.0 = Debug_Analysis|Win32
		{6234D300-FD30-4A04-A3A2-4739C5D9B95F}.Debug_Analysis|Win32.ActiveCfg = Debug_Analysis|Win32
		{6234D300-FD30-4A04-A3A2-4739C5D9B95F}.Debug_Analysis|Win32.Build.0 = Debug_Analysis|Win32
		{6234D300-FD30-4A04-A3A2-4739C5D9B95F}.Debug_Analysis|x86.ActiveCfg = Debug_Analysis|Win32
		{6234D300-FD30-4A04-A3A2-4739C5D9B95F}.Debug|Any CPU.ActiveCfg = Debug|Win32
		{6234D300-FD30-4A04-A3A2-4739C5D9B95F}.Debug|Mixed Platforms.ActiveCfg = Debug|Win32
		{6234D300-FD30-4A04-A3A2-4739C5D9B95F}.Debug|Mixed Platforms.Build.0 = Debug|Win32
		{6234D300-FD30-4A04-A3A2-4739C5D9B95F}.Debug|Win32.ActiveCfg = Debug|Win32
		{6234D300-FD30-4A04-A3A2-4739C5D9B95F}.Debug|Win32.Build.0 = Debug|Win32
		{6234D300-FD30-4A04-A3A2-4739C5D9B95F}.Debug|x86.ActiveCfg = Debug|Win32
		{6234D300-FD30-4A04-A3A2-4739C5D9B95F}.Release|Any CPU.ActiveCfg = Release|Win32
		{6234D300-FD30-4A04-A3A2-4739C5D9B95F}.Release|Mixed Platforms.ActiveCfg = Release|Win32
		{6234D300-FD30-4A04-A3A2-4739C5D9B95F}.Release|Mixed Platforms.Build.0 = Release|Win32
		{6234D300-FD30-4A04-A3A2-4739C5D9B95F}.Release|Win32.ActiveCfg = Release|Win32
		{6234D300-FD30-4A04-A3A2-4739C5D9B95F}.Release|Win32.Build.0 = Release|Win32
		{6234D300-FD30-4A04-A3A2-4739C5D9B95F}.Release|x86.ActiveCfg = Release|Win32
		{6234D300-FD30-4A04-A3A2-4739C5D9B95F}.Template|Any CPU.ActiveCfg = Release|Win32
		{6234D300-FD30-4A04-A3A2-4739C5D9B95F}.Template|Mixed Platforms.ActiveCfg = Release|Win32
		{6234D300-FD30-4A04-A3A2-4739C5D9B95F}.Template|Mixed Platforms.Build.0 = Release|Win32
		{6234D300-FD30-4A04-A3A2-4739C5D9B95F}.Template|Win32.ActiveCfg = Release|Win32
		{6234D300-FD30-4A04-A3A2-4739C5D9B95F}.Template|Win32.Build.0 = Release|Win32
		{6234D300-FD30-4A04-A3A2-4739C5D9B95F}.Template|x86.ActiveCfg = Release|Win32
		{089DE4CD-7134-42A8-9673-2EE03832AEF6}.Debug_Analysis|Any CPU.ActiveCfg = Debug|Win32
		{089DE4CD-7134-42A8-9673-2EE03832AEF6}.Debug_Analysis|Mixed Platforms.ActiveCfg = Debug_Analysis|Win32
		{089DE4CD-7134-42A8-9673-2EE03832AEF6}.Debug_Analysis|Mixed Platforms.Build.0 = Debug_Analysis|Win32
		{089DE4CD-7134-42A8-9673-2EE03832AEF6}.Debug_Analysis|Win32.ActiveCfg = Debug|Win32
		{089DE4CD-7134-42A8-9673-2EE03832AEF6}.Debug_Analysis|Win32.Build.0 = Debug|Win32
		{089DE4CD-7134-42A8-9673-2EE03832AEF6}.Debug_Analysis|x86.ActiveCfg = Debug|Win32
		{089DE4CD-7134-42A8-9673-2EE03832AEF6}.Debug|Any CPU.ActiveCfg = Debug|Win32
		{089DE4CD-7134-42A8-9673-2EE03832AEF6}.Debug|Mixed Platforms.ActiveCfg = Debug|Win32
		{089DE4CD-7134-42A8-9673-2EE03832AEF6}.Debug|Mixed Platforms.Build.0 = Debug|Win32
		{089DE4CD-7134-42A8-9673-2EE03832AEF6}.Debug|Win32.ActiveCfg = Debug|Win32
		{089DE4CD-7134-42A8-9673-2EE03832AEF6}.Debug|Win32.Build.0 = Debug|Win32
		{089DE4CD-7134-42A8-9673-2EE03832AEF6}.Debug|x86.ActiveCfg = Debug|Win32
		{089DE4CD-7134-42A8-9673-2EE03832AEF6}.Release|Any CPU.ActiveCfg = Release|Win32
		{089DE4CD-7134-42A8-9673-2EE03832AEF6}.Release|Mixed Platforms.ActiveCfg = Release|Win32
		{089DE4CD-7134-42A8-9673-2EE03832AEF6}.Release|Mixed Platforms.Build.0 = Release|Win32
		{089DE4CD-7134-42A8-9673-2EE03832AEF6}.Release|Win32.ActiveCfg = Release|Win32
		{089DE4CD-7134-42A8-9673-2EE03832AEF6}.Release|Win32.Build.0 = Release|Win32
		{089DE4CD-7134-42A8-9673-2EE03832AEF6}.Release|x86.ActiveCfg = Release|Win32
		{089DE4CD-7134-42A8-9673-2EE03832AEF6}.Template|Any CPU.ActiveCfg = Release|Win32
		{089DE4CD-7134-42A8-9673-2EE03832AEF6}.Template|Mixed Platforms.ActiveCfg = Release|Win32
		{089DE4CD-7134-42A8-9673-2EE03832AEF6}.Template|Mixed Platforms.Build.0 = Release|Win32
		{089DE4CD-7134-42A8-9673-2EE03832AEF6}.Template|Win32.ActiveCfg = Release|Win32
		{089DE4CD-7134-42A8-9673-2EE03832AEF6}.Template|Win32.Build.0 = Release|Win32
		{089DE4CD-7134-42A8-9673-2EE03832AEF6}.Template|x86.ActiveCfg = Release|Win32
		{C700ACFD-EDD6-46F9-9E42-FB3A1B901E80}.Debug_Analysis|Any CPU.ActiveCfg = Debug|x86
		{C700ACFD-EDD6-46F9-9E42-FB3A1B901E80}.Debug_Analysis|Mixed Platforms.ActiveCfg = Debug|x86
		{C700ACFD-EDD6-46F9-9E42-FB3A1B901E80}.Debug_Analysis|Mixed Platforms.Build.0 = Debug|x86
		{C700ACFD-EDD6-46F9-9E42-FB3A1B901E80}.Debug_Analysis|Win32.ActiveCfg = Debug|x86
		{C700ACFD-EDD6-46F9-9E42-FB3A1B901E80}.Debug_Analysis|x86.ActiveCfg = Debug|x86
		{C700ACFD-EDD6-46F9-9E42-FB3A1B901E80}.Debug_Analysis|x86.Build.0 = Debug|x86
		{C700ACFD-EDD6-46F9-9E42-FB3A1B901E80}.Debug|Any CPU.ActiveCfg = Debug|x86
		{C700ACFD-EDD6-46F9-9E42-FB3A1B901E80}.Debug|Mixed Platforms.ActiveCfg = Debug|x86
		{C700ACFD-EDD6-46F9-9E42-FB3A1B901E80}.Debug|Mixed Platforms.Build.0 = Debug|x86
		{C700ACFD-EDD6-46F9-9E42-FB3A1B901E80}.Debug|Win32.ActiveCfg = Debug|x86
		{C700ACFD-EDD6-46F9-9E42-FB3A1B901E80}.Debug|x86.ActiveCfg = Debug|x86
		{C700ACFD-EDD6-46F9-9E42-FB3A1B901E80}.Debug|x86.Build.0 = Debug|x86
		{C700ACFD-EDD6-46F9-9E42-FB3A1B901E80}.Release|Any CPU.ActiveCfg = Release|x86
		{C700ACFD-EDD6-46F9-9E42-FB3A1B901E80}.Release|Mixed Platforms.ActiveCfg = Release|x86
		{C700ACFD-EDD6-46F9-9E42-FB3A1B901E80}.Release|Mixed Platforms.Build.0 = Release|x86
		{C700ACFD-EDD6-46F9-9E42-FB3A1B901E80}.Release|Win32.ActiveCfg = Release|x86
		{C700ACFD-EDD6-46F9-9E42-FB3A1B901E80}.Release|x86.ActiveCfg = Release|x86
		{C700ACFD-EDD6-46F9-9E42-FB3A1B901E80}.Release|x86.Build.0 = Release|x86
		{C700ACFD-EDD6-46F9-9E42-FB3A1B901E80}.Template|Any CPU.ActiveCfg = Release|x86
		{C700ACFD-EDD6-46F9-9E42-FB3A1B901E80}.Template|Mixed Platforms.ActiveCfg = Release|x86
		{C700ACFD-EDD6-46F9-9E42-FB3A1B901E80}.Template|Mixed Platforms.Build.0 = Release|x86
		{C700ACFD-EDD6-46F9-9E42-FB3A1B901E80}.Template|Win32.ActiveCfg = Release|x86
		{C700ACFD-EDD6-46F9-9E42-FB3A1B901E80}.Template|x86.ActiveCfg = Release|x86
		{C700ACFD-EDD6-46F9-9E42-FB3A1B901E80}.Template|x86.Build.0 = Release|x86
		{88003ADC-5DD3-4CF7-B636-9F7F16DECEB3}.Debug_Analysis|Any CPU.ActiveCfg = Debug|Win32
		{88003ADC-5DD3-4CF7-B636-9F7F16DECEB3}.Debug_Analysis|Mixed Platforms.ActiveCfg = Debug_Analysis|Win32
		{88003ADC-5DD3-4CF7-B636-9F7F16DECEB3}.Debug_Analysis|Mixed Platforms.Build.0 = Debug_Analysis|Win32
		{88003ADC-5DD3-4CF7-B636-9F7F16DECEB3}.Debug_Analysis|Win32.ActiveCfg = Debug|Win32
		{88003ADC-5DD3-4CF7-B636-9F7F16DECEB3}.Debug_Analysis|Win32.Build.0 = Debug|Win32
		{88003ADC-5DD3-4CF7-B636-9F7F16DECEB3}.Debug_Analysis|x86.ActiveCfg = Debug|Win32
		{88003ADC-5DD3-4CF7-B636-9F7F16DECEB3}.Debug|Any CPU.ActiveCfg = Debug|Win32
		{88003ADC-5DD3-4CF7-B636-9F7F16DECEB3}.Debug|Mixed Platforms.ActiveCfg = Debug|Win32
		{88003ADC-5DD3-4CF7-B636-9F7F16DECEB3}.Debug|Mixed Platforms.Build.0 = Debug|Win32
		{88003ADC-5DD3-4CF7-B636-9F7F16DECEB3}.Debug|Win32.ActiveCfg = Debug|Win32
		{88003ADC-5DD3-4CF7-B636-9F7F16DECEB3}.Debug|Win32.Build.0 = Debug|Win32
		{88003ADC-5DD3-4CF7-B636-9F7F16DECEB3}.Debug|x86.ActiveCfg = Debug|Win32
		{88003ADC-5DD3-4CF7-B636-9F7F16DECEB3}.Release|Any CPU.ActiveCfg = Release|Win32
		{88003ADC-5DD3-4CF7-B636-9F7F16DECEB3}.Release|Mixed Platforms.ActiveCfg = Release|Win32
		{88003ADC-5DD3-4CF7-B636-9F7F16DECEB3}.Release|Mixed Platforms.Build.0 = Release|Win32
		{88003ADC-5DD3-4CF7-B636-9F7F16DECEB3}.Release|Win32.ActiveCfg = Release|Win32
		{88003ADC-5DD3-4CF7-B636-9F7F16DECEB3}.Release|Win32.Build.0 = Release|Win32
		{88003ADC-5DD3-4CF7-B636-9F7F16DECEB3}.Release|x86.ActiveCfg = Release|Win32
		{88003ADC-5DD3-4CF7-B636-9F7F16DECEB3}.Template|Any CPU.ActiveCfg = Release|Win32
		{88003ADC-5DD3-4CF7-B636-9F7F16DECEB3}.Template|Mixed Platforms.ActiveCfg = Release|Win32
		{88003ADC-5DD3-4CF7-B636-9F7F16DECEB3}.Template|Mixed Platforms.Build.0 = Release|Win32
		{88003ADC-5DD3-4CF7-B636-9F7F16DECEB3}.Template|Win32.ActiveCfg = Release|Win32
		{88003ADC-5DD3-4CF7-B636-9F7F16DECEB3}.Template|Win32.Build.0 = Release|Win32
		{88003ADC-5DD3-4CF7-B636-9F7F16DECEB3}.Template|x86.ActiveCfg = Release|Win32
		{BC08F231-D53D-4D19-AF7E-9387521187BF}.Debug_Analysis|Any CPU.ActiveCfg = Debug|Win32
		{BC08F231-D53D-4D19-AF7E-9387521187BF}.Debug_Analysis|Mixed Platforms.ActiveCfg = Debug|Win32
		{BC08F231-D53D-4D19-AF7E-9387521187BF}.Debug_Analysis|Mixed Platforms.Build.0 = Debug|Win32
		{BC08F231-D53D-4D19-AF7E-9387521187BF}.Debug_Analysis|Win32.ActiveCfg = Debug|Win32
		{BC08F231-D53D-4D19-AF7E-9387521187BF}.Debug_Analysis|Win32.Build.0 = Debug|Win32
		{BC08F231-D53D-4D19-AF7E-9387521187BF}.Debug_Analysis|x86.ActiveCfg = Debug|Win32
		{BC08F231-D53D-4D19-AF7E-9387521187BF}.Debug|Any CPU.ActiveCfg = Debug|Win32
		{BC08F231-D53D-4D19-AF7E-9387521187BF}.Debug|Mixed Platforms.ActiveCfg = Debug|Win32
		{BC08F231-D53D-4D19-AF7E-9387521187BF}.Debug|Mixed Platforms.Build.0 = Debug|Win32
		{BC08F231-D53D-4D19-AF7E-9387521187BF}.Debug|Win32.ActiveCfg = Debug|Win32
		{BC08F231-D53D-4D19-AF7E-9387521187BF}.Debug|Win32.Build.0 = Debug|Win32
		{BC08F231-D53D-4D19-AF7E-9387521187BF}.Debug|x86.ActiveCfg = Debug|Win32
		{BC08F231-D53D-4D19-AF7E-9387521187BF}.Release|Any CPU.ActiveCfg = Release|Win32
		{BC08F231-D53D-4D19-AF7E-9387521187BF}.Release|Mixed Platforms.ActiveCfg = Release|Win32
		{BC08F231-D53D-4D19-AF7E-9387521187BF}.Release|Mixed Platforms.Build.0 = Release|Win32
		{BC08F231-D53D-4D19-AF7E-9387521187BF}.Release|Win32.ActiveCfg = Release|Win32
		{BC08F231-D53D-4D19-AF7E-9387521187BF}.Release|Win32.Build.0 = Release|Win32
		{BC08F231-D53D-4D19-AF7E-9387521187BF}.Release|x86.ActiveCfg = Release|Win32
		{BC08F231-D53D-4D19-AF7E-9387521187BF}.Template|Any CPU.ActiveCfg = Release|Win32
		{BC08F231-D53D-4D19-AF7E-9387521187BF}.Template|Mixed Platforms.ActiveCfg = Release|Win32
		{BC08F231-D53D-4D19-AF7E-9387521187BF}.Template|Mixed Platforms.Build.0 = Release|Win32
		{BC08F231-D53D-4D19-AF7E-9387521187BF}.Template|Win32.ActiveCfg = Release|Win32
		{BC08F231-D53D-4D19-AF7E-9387521187BF}.Template|Win32.Build.0 = Release|Win32
		{BC08F231-D53D-4D19-AF7E-9387521187BF}.Template|x86.ActiveCfg = Release|Win32
		{BFF5D1D1-CE35-4819-BC4D-7A06CEAFCB05}.Debug_Analysis|Any CPU.ActiveCfg = Debug|Win32
		{BFF5D1D1-CE35-4819-BC4D-7A06CEAFCB05}.Debug_Analysis|Mixed Platforms.ActiveCfg = Debug|Win32
		{BFF5D1D1-CE35-4819-BC4D-7A06CEAFCB05}.Debug_Analysis|Mixed Platforms.Build.0 = Debug|Win32
		{BFF5D1D1-CE35-4819-BC4D-7A06CEAFCB05}.Debug_Analysis|Win32.ActiveCfg = Debug|Win32
		{BFF5D1D1-CE35-4819-BC4D-7A06CEAFCB05}.Debug_Analysis|Win32.Build.0 = Debug|Win32
		{BFF5D1D1-CE35-4819-BC4D-7A06CEAFCB05}.Debug_Analysis|x86.ActiveCfg = Debug|Win32
		{BFF5D1D1-CE35-4819-BC4D-7A06CEAFCB05}.Debug|Any CPU.ActiveCfg = Debug|Win32
		{BFF5D1D1-CE35-4819-BC4D-7A06CEAFCB05}.Debug|Mixed Platforms.ActiveCfg = Debug|Win32
		{BFF5D1D1-CE35-4819-BC4D-7A06CEAFCB05}.Debug|Mixed Platforms.Build.0 = Debug|Win32
		{BFF5D1D1-CE35-4819-BC4D-7A06CEAFCB05}.Debug|Win32.ActiveCfg = Debug|Win32
		{BFF5D1D1-CE35-4819-BC4D-7A06CEAFCB05}.Debug|Win32.Build.0 = Debug|Win32
		{BFF5D1D1-CE35-4819-BC4D-7A06CEAFCB05}.Debug|x86.ActiveCfg = Debug|Win32
		{BFF5D1D1-CE35-4819-BC4D-7A06CEAFCB05}.Release|Any CPU.ActiveCfg = Release|Win32
		{BFF5D1D1-CE35-4819-BC4D-7A06CEAFCB05}.Release|Mixed Platforms.ActiveCfg = Release|Win32
		{BFF5D1D1-CE35-4819-BC4D-7A06CEAFCB05}.Release|Mixed Platforms.Build.0 = Release|Win32
		{BFF5D1D1-CE35-4819-BC4D-7A06CEAFCB05}.Release|Win32.ActiveCfg = Release|Win32
		{BFF5D1D1-CE35-4819-BC4D-7A06CEAFCB05}.Release|Win32.Build.0 = Release|Win32
		{BFF5D1D1-CE35-4819-BC4D-7A06CEAFCB05}.Release|x86.ActiveCfg = Release|Win32
		{BFF5D1D1-CE35-4819-BC4D-7A06CEAFCB05}.Template|Any CPU.ActiveCfg = Release|Win32
		{BFF5D1D1-CE35-4819-BC4D-7A06CEAFCB05}.Template|Mixed Platforms.ActiveCfg = Release|Win32
		{BFF5D1D1-CE35-4819-BC4D-7A06CEAFCB05}.Template|Mixed Platforms.Build.0 = Release|Win32
		{BFF5D1D1-CE35-4819-BC4D-7A06CEAFCB05}.Template|Win32.ActiveCfg = Release|Win32
		{BFF5D1D1-CE35-4819-BC4D-7A06CEAFCB05}.Template|Win32.Build.0 = Release|Win32
		{BFF5D1D1-CE35-4819-BC4D-7A06CEAFCB05}.Template|x86.ActiveCfg = Release|Win32
		{4013F9BF-9367-405B-8005-025EABF878BD}.Debug_Analysis|Any CPU.ActiveCfg = Debug|Win32
		{4013F9BF-9367-405B-8005-025EABF878BD}.Debug_Analysis|Mixed Platforms.ActiveCfg = Debug|Win32
		{4013F9BF-9367-405B-8005-025EABF878BD}.Debug_Analysis|Mixed Platforms.Build.0 = Debug|Win32
		{4013F9BF-9367-405B-8005-025EABF878BD}.Debug_Analysis|Win32.ActiveCfg = Debug|Win32
		{4013F9BF-9367-405B-8005-025EABF878BD}.Debug_Analysis|Win32.Build.0 = Debug|Win32
		{4013F9BF-9367-405B-8005-025EABF878BD}.Debug_Analysis|x86.ActiveCfg = Debug|Win32
		{4013F9BF-9367-405B-8005-025EABF878BD}.Debug|Any CPU.ActiveCfg = Debug|Win32
		{4013F9BF-9367-405B-8005-025EABF878BD}.Debug|Mixed Platforms.ActiveCfg = Debug|Win32
		{4013F9BF-9367-405B-8005-025EABF878BD}.Debug|Mixed Platforms.Build.0 = Debug|Win32
		{4013F9BF-9367-405B-8005-025EABF878BD}.Debug|Win32.ActiveCfg = Debug|Win32
		{4013F9BF-9367-405B-8005-025EABF878BD}.Debug|Win32.Build.0 = Debug|Win32
		{4013F9BF-9367-405B-8005-025EABF878BD}.Debug|x86.ActiveCfg = Debug|Win32
		{4013F9BF-9367-405B-8005-025EABF878BD}.Release|Any CPU.ActiveCfg = Release|Win32
		{4013F9BF-9367-405B-8005-025EABF878BD}.Release|Mixed Platforms.ActiveCfg = Release|Win32
		{4013F9BF-9367-405B-8005-025EABF878BD}.Release|Mixed Platforms.Build.0 = Release|Win32
		{4013F9BF-9367-405B-8005-025EABF878BD}.Release|Win32.ActiveCfg = Release|Win32
		{4013F9BF-9367-405B-8005-025EABF878BD}.Release|Win32.Build.0 = Release|Win32
		{4013F9BF-9367-405B-8005-025EABF878BD}.Release|x86.ActiveCfg = Release|Win32
		{4013F9BF-9367-405B-8005-025EABF878BD}.Template|Any CPU.ActiveCfg = Release|Win32
		{4013F9BF-9367-405B-8005-025EABF878BD}.Template|Mixed Platforms.ActiveCfg = Release|Win32
		{4013F9BF-9367-405B-8005-025EABF878BD}.Template|Mixed Platforms.Build.0 = Release|Win32
		{4013F9BF-9367-405B-8005-025EABF878BD}.Template|Win32.ActiveCfg = Release|Win32
		{4013F9BF-9367-405B-8005-025EABF878BD}.Template|Win32.Build.0 = Release|Win32
		{4013F9BF-9367-405B-8005-025EABF878BD}.Template|x86.ActiveCfg = Release|Win32
		{F0B829B9-0E64-47F0-8808-7E5A64EA96F6}.Debug_Analysis|Any CPU.ActiveCfg = Debug|x86
		{F0B829B9-0E64-47F0-8808-7E5A64EA96F6}.Debug_Analysis|Mixed Platforms.ActiveCfg = Debug|x86
		{F0B829B9-0E64-47F0-8808-7E5A64EA96F6}.Debug_Analysis|Mixed Platforms.Build.0 = Debug|x86
		{F0B829B9-0E64-47F0-8808-7E5A64EA96F6}.Debug_Analysis|Win32.ActiveCfg = Debug|x86
		{F0B829B9-0E64-47F0-8808-7E5A64EA96F6}.Debug_Analysis|x86.ActiveCfg = Debug|x86
		{F0B829B9-0E64-47F0-8808-7E5A64EA96F6}.Debug_Analysis|x86.Build.0 = Debug|x86
		{F0B829B9-0E64-47F0-8808-7E5A64EA96F6}.Debug|Any CPU.ActiveCfg = Debug|x86
		{F0B829B9-0E64-47F0-8808-7E5A64EA96F6}.Debug|Mixed Platforms.ActiveCfg = Debug|x86
		{F0B829B9-0E64-47F0-8808-7E5A64EA96F6}.Debug|Mixed Platforms.Build.0 = Debug|x86
		{F0B829B9-0E64-47F0-8808-7E5A64EA96F6}.Debug|Win32.ActiveCfg = Debug|x86
		{F0B829B9-0E64-47F0-8808-7E5A64EA96F6}.Debug|x86.ActiveCfg = Debug|x86
		{F0B829B9-0E64-47F0-8808-7E5A64EA96F6}.Debug|x86.Build.0 = Debug|x86
		{F0B829B9-0E64-47F0-8808-7E5A64EA96F6}.Release|Any CPU.ActiveCfg = Release|x86
		{F0B829B9-0E64-47F0-8808-7E5A64EA96F6}.Release|Mixed Platforms.ActiveCfg = Release|x86
		{F0B829B9-0E64-47F0-8808-7E5A64EA96F6}.Release|Mixed Platforms.Build.0 = Release|x86
		{F0B829B9-0E64-47F0-8808-7E5A64EA96F6}.Release|Win32.ActiveCfg = Release|x86
		{F0B829B9-0E64-47F0-8808-7E5A64EA96F6}.Release|x86.ActiveCfg = Release|x86
		{F0B829B9-0E64-47F0-8808-7E5A64EA96F6}.Release|x86.Build.0 = Release|x86
		{F0B829B9-0E64-47F0-8808-7E5A64EA96F6}.Template|Any CPU.ActiveCfg = Release|x86
		{F0B829B9-0E64-47F0-8808-7E5A64EA96F6}.Template|Mixed Platforms.ActiveCfg = Release|x86
		{F0B829B9-0E64-47F0-8808-7E5A64EA96F6}.Template|Mixed Platforms.Build.0 = Release|x86
		{F0B829B9-0E64-47F0-8808-7E5A64EA96F6}.Template|Win32.ActiveCfg = Release|x86
		{F0B829B9-0E64-47F0-8808-7E5A64EA96F6}.Template|x86.ActiveCfg = Release|x86
		{F0B829B9-0E64-47F0-8808-7E5A64EA96F6}.Template|x86.Build.0 = Release|x86
		{87CD02DD-A1F1-4F95-9D3A-A4994DB5E1C6}.Debug_Analysis|Any CPU.ActiveCfg = Debug|Win32
		{87CD02DD-A1F1-4F95-9D3A-A4994DB5E1C6}.Debug_Analysis|Mixed Platforms.ActiveCfg = Debug|Win32
		{87CD02DD-A1F1-4F95-9D3A-A4994DB5E1C6}.Debug_Analysis|Mixed Platforms.Build.0 = Debug|Win32
		{87CD02DD-A1F1-4F95-9D3A-A4994DB5E1C6}.Debug_Analysis|Win32.ActiveCfg = Debug|Win32
		{87CD02DD-A1F1-4F95-9D3A-A4994DB5E1C6}.Debug_Analysis|Win32.Build.0 = Debug|Win32
		{87CD02DD-A1F1-4F95-9D3A-A4994DB5E1C6}.Debug_Analysis|x86.ActiveCfg = Debug|Win32
		{87CD02DD-A1F1-4F95-9D3A-A4994DB5E1C6}.Debug|Any CPU.ActiveCfg = Debug|Win32
		{87CD02DD-A1F1-4F95-9D3A-A4994DB5E1C6}.Debug|Mixed Platforms.ActiveCfg = Debug|Win32
		{87CD02DD-A1F1-4F95-9D3A-A4994DB5E1C6}.Debug|Mixed Platforms.Build.0 = Debug|Win32
		{87CD02DD-A1F1-4F95-9D3A-A4994DB5E1C6}.Debug|Win32.ActiveCfg = Debug|Win32
		{87CD02DD-A1F1-4F95-9D3A-A4994DB5E1C6}.Debug|Win32.Build.0 = Debug|Win32
		{87CD02DD-A1F1-4F95-9D3A-A4994DB5E1C6}.Debug|x86.ActiveCfg = Debug|Win32
		{87CD02DD-A1F1-4F95-9D3A-A4994DB5E1C6}.Release|Any CPU.ActiveCfg = Release|Win32
		{87CD02DD-A1F1-4F95-9D3A-A4994DB5E1C6}.Release|Mixed Platforms.ActiveCfg = Release|Win32
		{87CD02DD-A1F1-4F95-9D3A-A4994DB5E1C6}.Release|Mixed Platforms.Build.0 = Release|Win32
		{87CD02DD-A1F1-4F95-9D3A-A4994DB5E1C6}.Release|Win32.ActiveCfg = Release|Win32
		{87CD02DD-A1F1-4F95-9D3A-A4994DB5E1C6}.Release|Win32.Build.0 = Release|Win32
		{87CD02DD-A1F1-4F95-9D3A-A4994DB5E1C6}.Release|x86.ActiveCfg = Release|Win32
		{87CD02DD-A1F1-4F95-9D3A-A4994DB5E1C6}.Template|Any CPU.ActiveCfg = Release|Win32
		{87CD02DD-A1F1-4F95-9D3A-A4994DB5E1C6}.Template|Mixed Platforms.ActiveCfg = Release|Win32
		{87CD02DD-A1F1-4F95-9D3A-A4994DB5E1C6}.Template|Mixed Platforms.Build.0 = Release|Win32
		{87CD02DD-A1F1-4F95-9D3A-A4994DB5E1C6}.Template|Win32.ActiveCfg = Release|Win32
		{87CD02DD-A1F1-4F95-9D3A-A4994DB5E1C6}.Template|Win32.Build.0 = Release|Win32
		{87CD02DD-A1F1-4F95-9D3A-A4994DB5E1C6}.Template|x86.ActiveCfg = Release|Win32
	EndGlobalSection
	GlobalSection(SolutionProperties) = preSolution
		HideSolutionNode = FALSE
	EndGlobalSection
	GlobalSection(NestedProjects) = preSolution
		{F43BEAEB-9EBF-4FDA-BDB6-B7C810746EF1} = {183B55E4-BBC4-476F-B2B5-9FE4EF9DD99F}
		{82C4257D-3F4D-4F7D-A0B6-0282C044E7E7} = {183B55E4-BBC4-476F-B2B5-9FE4EF9DD99F}
		{C700ACFD-EDD6-46F9-9E42-FB3A1B901E80} = {183B55E4-BBC4-476F-B2B5-9FE4EF9DD99F}
		{817469ED-FCBA-4C43-A6B9-EE19FB4685D1} = {6F835D16-DF88-4950-A9AA-422CBEB3F3CF}
		{32835D9A-A1C1-48F9-8588-C10837E18EF4} = {6F835D16-DF88-4950-A9AA-422CBEB3F3CF}
		{98903591-D205-49ED-AE60-44BDD620D16E} = {817469ED-FCBA-4C43-A6B9-EE19FB4685D1}
		{1BCE17B2-8422-45C7-AE61-8277C08FE251} = {817469ED-FCBA-4C43-A6B9-EE19FB4685D1}
		{2ED5D2C5-78A5-4FDE-BB9F-5D3AF391B3AA} = {9FC03207-E672-46B6-BB1D-B34C6F00AB54}
		{7FC6175A-13FA-4F59-A164-37BDC94775CF} = {9FC03207-E672-46B6-BB1D-B34C6F00AB54}
		{6234D300-FD30-4A04-A3A2-4739C5D9B95F} = {2C578E80-5F76-4525-8D0B-F3FFD969918C}
		{089DE4CD-7134-42A8-9673-2EE03832AEF6} = {2C578E80-5F76-4525-8D0B-F3FFD969918C}
		{88003ADC-5DD3-4CF7-B636-9F7F16DECEB3} = {2C578E80-5F76-4525-8D0B-F3FFD969918C}
		{BC08F231-D53D-4D19-AF7E-9387521187BF} = {2C578E80-5F76-4525-8D0B-F3FFD969918C}
		{87CD02DD-A1F1-4F95-9D3A-A4994DB5E1C6} = {2C578E80-5F76-4525-8D0B-F3FFD969918C}
		{B6550BB7-3C25-4C46-A30D-8349AC3E4D8F} = {32835D9A-A1C1-48F9-8588-C10837E18EF4}
		{758A3040-38D6-4573-8C1B-74B35ECCAA6E} = {32835D9A-A1C1-48F9-8588-C10837E18EF4}
		{BFF5D1D1-CE35-4819-BC4D-7A06CEAFCB05} = {9E41722B-FF31-4AA9-A64C-96B9AA175C30}
		{4013F9BF-9367-405B-8005-025EABF878BD} = {9E41722B-FF31-4AA9-A64C-96B9AA175C30}
		{F0B829B9-0E64-47F0-8808-7E5A64EA96F6} = {9E41722B-FF31-4AA9-A64C-96B9AA175C30}
	EndGlobalSection
	GlobalSection(ExtensibilityGlobals) = postSolution
		AMDCaProjectFile = M:\VoodooShader\CodeAnalyst\VoodooShader.caw
		AMDCaPersistentStartup = Voodoo_Gem
		AMDCaPersistentConfig = Debug_Analysis|Mixed Platforms
	EndGlobalSection
	GlobalSection(CppDepend) = preSolution
		Project = ".\Analysis\CppDepend\Core.xml"
	EndGlobalSection
EndGlobal
