<?xml version="1.0" encoding="utf-8"?>
<Project ToolsVersion="4.0" xmlns="http://schemas.microsoft.com/developer/msbuild/2003">
  <ItemGroup>
    <ClCompile Include="Core.cpp" />
    <ClCompile Include="dllmain.cpp" />
    <ClCompile Include="Exception.cpp" />
    <ClCompile Include="FileSystem.cpp" />
    <ClCompile Include="FullscreenManager.cpp" />
    <ClCompile Include="Logger.cpp" />
    <ClCompile Include="MaterialManager.cpp" />
    <ClCompile Include="Parameter.cpp" />
    <ClCompile Include="Shader.cpp" />
    <ClCompile Include="Texture.cpp" />
  </ItemGroup>
  <ItemGroup>
    <ClInclude Include="Adapter.hpp" />
    <ClInclude Include="Converter.hpp" />
    <ClInclude Include="Core.hpp" />
    <ClInclude Include="Exception.hpp" />
    <ClInclude Include="FileSystem.hpp" />
    <ClInclude Include="FullscreenManager.hpp" />
    <ClInclude Include="Includes.hpp" />
    <ClInclude Include="Logger.hpp" />
    <ClInclude Include="MaterialManager.hpp" />
    <ClInclude Include="Meta.hpp" />
    <ClInclude Include="Parameter.hpp" />
    <ClInclude Include="Reference.hpp" />
    <ClInclude Include="resource.h" />
    <ClInclude Include="Shader.hpp" />
    <ClInclude Include="Texture.hpp" />
    <ClInclude Include="Version.hpp" />
    <ClInclude Include="VoodooFramework.hpp" />
    <ClInclude Include="Docs_Graphics.hpp">
      <Filter>Docs</Filter>
    </ClInclude>
    <ClInclude Include="Docs_Code.hpp">
      <Filter>Docs</Filter>
    </ClInclude>
    <ClInclude Include="Docs_License.hpp">
      <Filter>Docs</Filter>
    </ClInclude>
  </ItemGroup>
  <ItemGroup>
    <ResourceCompile Include="Voodoo_Core.rc" />
  </ItemGroup>
  <ItemGroup>
    <Filter Include="Docs">
      <UniqueIdentifier>{0cf9a08b-31a0-4c91-883c-8d37a6e3715a}</UniqueIdentifier>
    </Filter>
  </ItemGroup>
</Project>