<?xml version="1.0" encoding="utf-8"?>
<Project ToolsVersion="4.0" xmlns="http://schemas.microsoft.com/developer/msbuild/2003">
  <ItemGroup>
    <ClCompile Include="Exports.cpp">
      <Filter>Source</Filter>
    </ClCompile>
    <ClCompile Include="Converter.cpp">
      <Filter>Source\Utility</Filter>
    </ClCompile>
    <ClCompile Include="Exception.cpp">
      <Filter>Source\Utility</Filter>
    </ClCompile>
    <ClCompile Include="String.cpp">
      <Filter>Source\Utility</Filter>
    </ClCompile>
    <ClCompile Include="Regex.cpp">
      <Filter>Source\Utility</Filter>
    </ClCompile>
    <ClCompile Include="VSTechnique.cpp">
      <Filter>Source\Implementations</Filter>
    </ClCompile>
    <ClCompile Include="VSShader.cpp">
      <Filter>Source\Implementations</Filter>
    </ClCompile>
    <ClCompile Include="VSPass.cpp">
      <Filter>Source\Implementations</Filter>
    </ClCompile>
    <ClCompile Include="VSParser.cpp">
      <Filter>Source\Implementations</Filter>
    </ClCompile>
    <ClCompile Include="VSParameter.cpp">
      <Filter>Source\Implementations</Filter>
    </ClCompile>
    <ClCompile Include="VsModule.cpp">
      <Filter>Source\Implementations</Filter>
    </ClCompile>
    <ClCompile Include="VSCore.cpp">
      <Filter>Source\Implementations</Filter>
    </ClCompile>
    <ClCompile Include="VSAdapter.cpp">
      <Filter>Source\Implementations</Filter>
    </ClCompile>
    <ClCompile Include="VSFilesystem.cpp">
      <Filter>Source\Implementations</Filter>
    </ClCompile>
    <ClCompile Include="VSHookManager.cpp">
      <Filter>Source\Implementations</Filter>
    </ClCompile>
    <ClCompile Include="VSLogger.cpp">
      <Filter>Source\Implementations</Filter>
    </ClCompile>
    <ClCompile Include="VSModuleManager.cpp">
      <Filter>Source\Implementations</Filter>
    </ClCompile>
  </ItemGroup>
  <ItemGroup>
    <ClInclude Include="resource.h">
      <Filter>Resources</Filter>
    </ClInclude>
    <ClInclude Include="Exports.hpp">
      <Filter>Headers</Filter>
    </ClInclude>
    <ClInclude Include="ICore.hpp">
      <Filter>Headers\Interfaces</Filter>
    </ClInclude>
    <ClInclude Include="IAdapter.hpp">
      <Filter>Headers\Interfaces</Filter>
    </ClInclude>
    <ClInclude Include="IFilesystem.hpp">
      <Filter>Headers\Interfaces</Filter>
    </ClInclude>
    <ClInclude Include="IHookManager.hpp">
      <Filter>Headers\Interfaces</Filter>
    </ClInclude>
    <ClInclude Include="ILogger.hpp">
      <Filter>Headers\Interfaces</Filter>
    </ClInclude>
    <ClInclude Include="IObject.hpp">
      <Filter>Headers\Interfaces</Filter>
    </ClInclude>
    <ClInclude Include="IModule.hpp">
      <Filter>Headers\Interfaces</Filter>
    </ClInclude>
    <ClInclude Include="IParameter.hpp">
      <Filter>Headers\Interfaces</Filter>
    </ClInclude>
    <ClInclude Include="IParser.hpp">
      <Filter>Headers\Interfaces</Filter>
    </ClInclude>
    <ClInclude Include="IPass.hpp">
      <Filter>Headers\Interfaces</Filter>
    </ClInclude>
    <ClInclude Include="IShader.hpp">
      <Filter>Headers\Interfaces</Filter>
    </ClInclude>
    <ClInclude Include="ITechnique.hpp">
      <Filter>Headers\Interfaces</Filter>
    </ClInclude>
    <ClInclude Include="ITexture.hpp">
      <Filter>Headers\Interfaces</Filter>
    </ClInclude>
    <ClInclude Include="Includes.hpp">
      <Filter>Headers</Filter>
    </ClInclude>
    <ClInclude Include="String.hpp">
      <Filter>Headers\Utility</Filter>
    </ClInclude>
    <ClInclude Include="Regex.hpp">
      <Filter>Headers\Utility</Filter>
    </ClInclude>
    <ClInclude Include="Exception.hpp">
      <Filter>Headers\Utility</Filter>
    </ClInclude>
    <ClInclude Include="Converter.hpp">
      <Filter>Headers\Utility</Filter>
    </ClInclude>
    <ClInclude Include="VSParameter.hpp">
      <Filter>Headers\Implementations</Filter>
    </ClInclude>
    <ClInclude Include="VSAdapter.hpp">
      <Filter>Headers\Implementations</Filter>
    </ClInclude>
    <ClInclude Include="VSCore.hpp">
      <Filter>Headers\Implementations</Filter>
    </ClInclude>
    <ClInclude Include="VSFilesystem.hpp">
      <Filter>Headers\Implementations</Filter>
    </ClInclude>
    <ClInclude Include="VSHookManager.hpp">
      <Filter>Headers\Implementations</Filter>
    </ClInclude>
    <ClInclude Include="VSLogger.hpp">
      <Filter>Headers\Implementations</Filter>
    </ClInclude>
    <ClInclude Include="VSModule.hpp">
      <Filter>Headers\Implementations</Filter>
    </ClInclude>
    <ClInclude Include="VSParser.hpp">
      <Filter>Headers\Implementations</Filter>
    </ClInclude>
    <ClInclude Include="VSPass.hpp">
      <Filter>Headers\Implementations</Filter>
    </ClInclude>
    <ClInclude Include="VSShader.hpp">
      <Filter>Headers\Implementations</Filter>
    </ClInclude>
    <ClInclude Include="VSTechnique.hpp">
      <Filter>Headers\Implementations</Filter>
    </ClInclude>
    <ClInclude Include="VoodooFramework.hpp">
      <Filter>Headers</Filter>
    </ClInclude>
    <ClInclude Include="Version.hpp">
      <Filter>Headers</Filter>
    </ClInclude>
    <ClInclude Include="Version_Build.hpp">
      <Filter>Headers</Filter>
    </ClInclude>
    <ClInclude Include="Docs_Code.dox">
      <Filter>Docs</Filter>
    </ClInclude>
    <ClInclude Include="Docs_Graphics.dox">
      <Filter>Docs</Filter>
    </ClInclude>
    <ClInclude Include="Docs_License.dox">
      <Filter>Docs</Filter>
    </ClInclude>
    <ClInclude Include="IFile.hpp">
      <Filter>Headers\Interfaces</Filter>
    </ClInclude>
    <ClInclude Include="IImage.hpp">
      <Filter>Headers\Interfaces</Filter>
    </ClInclude>
    <ClInclude Include="IModuleManager.hpp">
      <Filter>Headers\Interfaces</Filter>
    </ClInclude>
    <ClInclude Include="VSModuleManager.hpp">
      <Filter>Headers\Implementations</Filter>
    </ClInclude>
  </ItemGroup>
  <ItemGroup>
    <Filter Include="Docs">
      <UniqueIdentifier>{58cae405-568d-456f-8986-e1716ed87ade}</UniqueIdentifier>
    </Filter>
    <Filter Include="Headers">
      <UniqueIdentifier>{a6f67f75-d805-4304-8d0c-9f73c712eeb4}</UniqueIdentifier>
    </Filter>
    <Filter Include="Source">
      <UniqueIdentifier>{0aff68d5-58a6-4d05-a169-dc374fba27cf}</UniqueIdentifier>
    </Filter>
    <Filter Include="Resources">
      <UniqueIdentifier>{5ef7e194-26d0-463f-b42c-88fc238d12bd}</UniqueIdentifier>
    </Filter>
    <Filter Include="Headers\Interfaces">
      <UniqueIdentifier>{2e64883f-4fc7-42df-a288-15cef84ead71}</UniqueIdentifier>
    </Filter>
    <Filter Include="Headers\Utility">
      <UniqueIdentifier>{b97c3849-d84c-4eab-b697-2dac88df0c37}</UniqueIdentifier>
    </Filter>
    <Filter Include="Source\Utility">
      <UniqueIdentifier>{47d83f6f-24e5-47f0-b5a8-18efca07f9e2}</UniqueIdentifier>
    </Filter>
    <Filter Include="Source\Implementations">
      <UniqueIdentifier>{4131e72d-438d-4b90-ac9b-a01641c9928b}</UniqueIdentifier>
    </Filter>
    <Filter Include="Headers\Implementations">
      <UniqueIdentifier>{3c2162ba-d6a8-407c-b751-393cf92ac071}</UniqueIdentifier>
    </Filter>
  </ItemGroup>
  <ItemGroup>
    <ResourceCompile Include="Voodoo_Core.rc">
      <Filter>Resources</Filter>
    </ResourceCompile>
  </ItemGroup>
  <ItemGroup>
    <None Include="Voodoo_Core.def">
      <Filter>Resources</Filter>
    </None>
    <None Include="Docs_MainPage.dox">
      <Filter>Docs</Filter>
    </None>
  </ItemGroup>
</Project>