<?xml version="1.0" encoding="utf-8"?>
<Project ToolsVersion="4.0" xmlns="http://schemas.microsoft.com/developer/msbuild/2003">
  <ItemGroup>
    <ClCompile Include="Core.cpp">
      <Filter>Source</Filter>
    </ClCompile>
    <ClCompile Include="Texture.cpp">
      <Filter>Source</Filter>
    </ClCompile>
    <ClCompile Include="Exception.cpp">
      <Filter>Source</Filter>
    </ClCompile>
    <ClCompile Include="FullscreenManager.cpp">
      <Filter>Source</Filter>
    </ClCompile>
    <ClCompile Include="MaterialManager.cpp">
      <Filter>Source</Filter>
    </ClCompile>
    <ClCompile Include="Parameter.cpp">
      <Filter>Source</Filter>
    </ClCompile>
    <ClCompile Include="Shader.cpp">
      <Filter>Source</Filter>
    </ClCompile>
    <ClCompile Include="Module.cpp">
      <Filter>Source</Filter>
    </ClCompile>
    <ClCompile Include="Converter.cpp">
      <Filter>Source</Filter>
    </ClCompile>
  </ItemGroup>
  <ItemGroup>
    <ClInclude Include="Voodoo_Core.hpp" />
    <ClInclude Include="Docs_Code.hpp">
      <Filter>Docs</Filter>
    </ClInclude>
    <ClInclude Include="Docs_License.hpp">
      <Filter>Docs</Filter>
    </ClInclude>
    <ClInclude Include="Docs_Graphics.hpp">
      <Filter>Docs</Filter>
    </ClInclude>
    <ClInclude Include="Converter.hpp">
      <Filter>Headers</Filter>
    </ClInclude>
    <ClInclude Include="Core.hpp">
      <Filter>Headers</Filter>
    </ClInclude>
    <ClInclude Include="Exception.hpp">
      <Filter>Headers</Filter>
    </ClInclude>
    <ClInclude Include="FullscreenManager.hpp">
      <Filter>Headers</Filter>
    </ClInclude>
    <ClInclude Include="Includes.hpp">
      <Filter>Headers</Filter>
    </ClInclude>
    <ClInclude Include="MaterialManager.hpp">
      <Filter>Headers</Filter>
    </ClInclude>
    <ClInclude Include="Meta.hpp">
      <Filter>Headers</Filter>
    </ClInclude>
    <ClInclude Include="Parameter.hpp">
      <Filter>Headers</Filter>
    </ClInclude>
    <ClInclude Include="Shader.hpp">
      <Filter>Headers</Filter>
    </ClInclude>
    <ClInclude Include="Texture.hpp">
      <Filter>Headers</Filter>
    </ClInclude>
    <ClInclude Include="Logger.hpp">
      <Filter>Headers\Interfaces</Filter>
    </ClInclude>
    <ClInclude Include="HookManager.hpp">
      <Filter>Headers\Interfaces</Filter>
    </ClInclude>
    <ClInclude Include="resource.h">
      <Filter>Resources</Filter>
    </ClInclude>
    <ClInclude Include="Version.hpp">
      <Filter>Headers</Filter>
    </ClInclude>
    <ClInclude Include="Adapter.hpp">
      <Filter>Headers\Interfaces</Filter>
    </ClInclude>
    <ClInclude Include="Module.hpp">
      <Filter>Headers</Filter>
    </ClInclude>
    <ClInclude Include="Object.hpp">
      <Filter>Headers\Interfaces</Filter>
    </ClInclude>
  </ItemGroup>
  <ItemGroup>
    <Filter Include="Docs">
      <UniqueIdentifier>{58cae405-568d-456f-8986-e1716ed87ade}</UniqueIdentifier>
    </Filter>
    <Filter Include="Headers">
      <UniqueIdentifier>{a6f67f75-d805-4304-8d0c-9f73c712eeb4}</UniqueIdentifier>
    </Filter>
    <Filter Include="Headers\Interfaces">
      <UniqueIdentifier>{d35396d6-ae0d-4592-a84a-6f0b2e158404}</UniqueIdentifier>
    </Filter>
    <Filter Include="Source">
      <UniqueIdentifier>{0aff68d5-58a6-4d05-a169-dc374fba27cf}</UniqueIdentifier>
    </Filter>
    <Filter Include="Resources">
      <UniqueIdentifier>{5ef7e194-26d0-463f-b42c-88fc238d12bd}</UniqueIdentifier>
    </Filter>
  </ItemGroup>
  <ItemGroup>
    <ResourceCompile Include="Voodoo_Core.rc">
      <Filter>Resources</Filter>
    </ResourceCompile>
  </ItemGroup>
</Project>