<?xml version="1.0" encoding="utf-8"?>
<Project ToolsVersion="4.0" xmlns="http://schemas.microsoft.com/developer/msbuild/2003">
  <ItemGroup>
    <ClInclude Include="Loader.hpp">
      <Filter>Headers</Filter>
    </ClInclude>
    <ClInclude Include="Loader_Version.hpp">
      <Filter>Headers</Filter>
    </ClInclude>
    <ClInclude Include="resource.h">
      <Filter>Resources</Filter>
    </ClInclude>
    <ClInclude Include="FunctionIntercept.hpp">
      <Filter>Headers</Filter>
    </ClInclude>
    <ClInclude Include="ExportLoadpoints.hpp">
      <Filter>Headers</Filter>
    </ClInclude>
  </ItemGroup>
  <ItemGroup>
    <Filter Include="Headers">
      <UniqueIdentifier>{f39b6039-25f0-43e4-8417-557497d4638f}</UniqueIdentifier>
    </Filter>
    <Filter Include="Sources">
      <UniqueIdentifier>{9e0319ed-3002-4a85-bbc1-629233e063a8}</UniqueIdentifier>
    </Filter>
    <Filter Include="Resources">
      <UniqueIdentifier>{3a851f12-d294-4da5-a578-4a1e7f6d3e78}</UniqueIdentifier>
    </Filter>
  </ItemGroup>
  <ItemGroup>
    <ClCompile Include="Loader.cpp">
      <Filter>Sources</Filter>
    </ClCompile>
    <ClCompile Include="Common.cpp">
      <Filter>Sources</Filter>
    </ClCompile>
    <ClCompile Include="FunctionIntercept.cpp">
      <Filter>Sources</Filter>
    </ClCompile>
  </ItemGroup>
  <ItemGroup>
    <None Include="exports.def">
      <Filter>Resources</Filter>
    </None>
  </ItemGroup>
  <ItemGroup>
    <ResourceCompile Include="Loader_Version.rc">
      <Filter>Resources</Filter>
    </ResourceCompile>
  </ItemGroup>
</Project>