<?xml version="1.0" encoding="utf-8"?>
<Project ToolsVersion="4.0" xmlns="http://schemas.microsoft.com/developer/msbuild/2003">
  <ItemGroup>
    <ClCompile Include=".\Voodoo_OGL.cpp">
      <Filter>Source Files</Filter>
    </ClCompile>
    <ClCompile Include=".\VSBindingOGL.cpp">
      <Filter>Source Files</Filter>
    </ClCompile>
    <ClCompile Include=".\VSEffectOGL.cpp">
      <Filter>Source Files</Filter>
    </ClCompile>
    <ClCompile Include=".\VSParameterOGL.cpp">
      <Filter>Source Files</Filter>
    </ClCompile>
    <ClCompile Include=".\VSPassOGL.cpp">
      <Filter>Source Files</Filter>
    </ClCompile>
    <ClCompile Include=".\VSTechniqueOGL.cpp">
      <Filter>Source Files</Filter>
    </ClCompile>
    <ClCompile Include=".\VSTextureOGL.cpp">
      <Filter>Source Files</Filter>
    </ClCompile>
  </ItemGroup>
  <ItemGroup>
    <ClInclude Include=".\ConverterOGL.hpp">
      <Filter>Header Files</Filter>
    </ClInclude>
    <ClInclude Include=".\OGL_Version.hpp">
      <Filter>Header Files</Filter>
    </ClInclude>
    <ClInclude Include="resource.h">
      <Filter>Header Files</Filter>
    </ClInclude>
    <ClInclude Include=".\Voodoo_OGL.hpp">
      <Filter>Header Files</Filter>
    </ClInclude>
    <ClInclude Include=".\VSBindingOGL.hpp">
      <Filter>Header Files</Filter>
    </ClInclude>
    <ClInclude Include=".\VSEffectOGL.hpp">
      <Filter>Header Files</Filter>
    </ClInclude>
    <ClInclude Include=".\VSParameterOGL.hpp">
      <Filter>Header Files</Filter>
    </ClInclude>
    <ClInclude Include=".\VSPassOGL.hpp">
      <Filter>Header Files</Filter>
    </ClInclude>
    <ClInclude Include=".\VSTechniqueOGL.hpp">
      <Filter>Header Files</Filter>
    </ClInclude>
    <ClInclude Include=".\VSTextureOGL.hpp">
      <Filter>Header Files</Filter>
    </ClInclude>
  </ItemGroup>
  <ItemGroup>
    <Filter Include="Header Files">
      <UniqueIdentifier>{cbf8beb2-0968-4ffd-aeaf-63a3a4568fb5}</UniqueIdentifier>
    </Filter>
    <Filter Include="Source Files">
      <UniqueIdentifier>{78e2aa73-7d0f-44b5-bd4f-fb01bee396d5}</UniqueIdentifier>
    </Filter>
    <Filter Include="Resource Files">
      <UniqueIdentifier>{59754fc8-d244-4fd7-9f3c-a38317ac5891}</UniqueIdentifier>
    </Filter>
  </ItemGroup>
  <ItemGroup>
    <None Include=".\Voodoo_OGL.def">
      <Filter>Resource Files</Filter>
    </None>
  </ItemGroup>
  <ItemGroup>
    <ResourceCompile Include=".\Voodoo_OGL.rc">
      <Filter>Resource Files</Filter>
    </ResourceCompile>
  </ItemGroup>
</Project>