<?xml version="1.0" encoding="utf-8"?>
<Project ToolsVersion="4.0" xmlns="http://schemas.microsoft.com/developer/msbuild/2003">
  <ItemGroup>
    <ClCompile Include="VoodooGL.cpp">
      <Filter>Source</Filter>
    </ClCompile>
    <ClCompile Include="Engine_Patches.cpp">
      <Filter>Source</Filter>
    </ClCompile>
    <ClCompile Include="Frost_Module.cpp">
      <Filter>Source</Filter>
    </ClCompile>
    <ClCompile Include="Frost_Adapter.cpp">
      <Filter>Source</Filter>
    </ClCompile>
    <ClCompile Include="Frost_Texture.cpp">
      <Filter>Source</Filter>
    </ClCompile>
  </ItemGroup>
  <ItemGroup>
    <ClInclude Include="VoodooGL.hpp">
      <Filter>Headers</Filter>
    </ClInclude>
    <ClInclude Include="Frost_Module.hpp">
      <Filter>Headers</Filter>
    </ClInclude>
    <ClInclude Include="Frost_Version.hpp">
      <Filter>Headers</Filter>
    </ClInclude>
    <ClInclude Include="resource.h">
      <Filter>Resources</Filter>
    </ClInclude>
    <ClInclude Include="Frost_Texture.hpp">
      <Filter>Headers</Filter>
    </ClInclude>
  </ItemGroup>
  <ItemGroup>
    <Filter Include="Headers">
      <UniqueIdentifier>{6e0c8f6a-c8ff-4b2d-a12c-bf6c4ce8de88}</UniqueIdentifier>
    </Filter>
    <Filter Include="Resources">
      <UniqueIdentifier>{c592f211-ceb8-4bdc-b63d-8bec6c568ea7}</UniqueIdentifier>
    </Filter>
    <Filter Include="Source">
      <UniqueIdentifier>{f0b78aab-bcb0-4d2e-9784-52d3a27c5fa5}</UniqueIdentifier>
    </Filter>
  </ItemGroup>
  <ItemGroup>
    <None Include="Frost_Exports.def">
      <Filter>Resources</Filter>
    </None>
  </ItemGroup>
  <ItemGroup>
    <ResourceCompile Include="Voodoo_Frost.rc">
      <Filter>Resources</Filter>
    </ResourceCompile>
  </ItemGroup>
</Project>